// !$*UTF8*$!
{
	archiveVersion = 1;
	classes = {
	};
	objectVersion = 56;
	objects = {

/* Begin PBXBuildFile section */
		CB2471012ADABBFC00EEA032 /* Place.swift in Sources */ = {isa = PBXBuildFile; fileRef = CB2471002ADABBFC00EEA032 /* Place.swift */; };
		CB314DF72ADAC1B9007B984A /* CustomScrollView.swift in Sources */ = {isa = PBXBuildFile; fileRef = CB314DF62ADAC1B9007B984A /* CustomScrollView.swift */; };
		CB45BFB42ADA5FE800EDEBC2 /* Photo.swift in Sources */ = {isa = PBXBuildFile; fileRef = CB45BFB32ADA5FE800EDEBC2 /* Photo.swift */; };
		CB9EF8D42ABC633A00FDCE12 /* CobyHappinessApp.swift in Sources */ = {isa = PBXBuildFile; fileRef = CB9EF8D32ABC633A00FDCE12 /* CobyHappinessApp.swift */; };
		CB9EF8DB2ABC633B00FDCE12 /* Preview Assets.xcassets in Resources */ = {isa = PBXBuildFile; fileRef = CB9EF8DA2ABC633B00FDCE12 /* Preview Assets.xcassets */; };
		CB9EF8E72ABC674F00FDCE12 /* View+Extensions.swift in Sources */ = {isa = PBXBuildFile; fileRef = CB9EF8E62ABC674F00FDCE12 /* View+Extensions.swift */; };
		CB9EF9082ABC829F00FDCE12 /* Assets.xcassets in Resources */ = {isa = PBXBuildFile; fileRef = CB9EF9072ABC829F00FDCE12 /* Assets.xcassets */; };
		CBA038692ABF352F00BD74CF /* Event.swift in Sources */ = {isa = PBXBuildFile; fileRef = CBA038682ABF352F00BD74CF /* Event.swift */; };
		CBAB7F4F2ACD402500257778 /* ContentView.swift in Sources */ = {isa = PBXBuildFile; fileRef = CBAB7F4E2ACD402500257778 /* ContentView.swift */; };
		CBAB7F542ACD455E00257778 /* Detail.swift in Sources */ = {isa = PBXBuildFile; fileRef = CBAB7F532ACD455E00257778 /* Detail.swift */; };
		CBABE92F2ACB313C00103BB0 /* Home.swift in Sources */ = {isa = PBXBuildFile; fileRef = CBABE92E2ACB313C00103BB0 /* Home.swift */; };
		CBABE9322ACB379200103BB0 /* EventEdit.swift in Sources */ = {isa = PBXBuildFile; fileRef = CBABE9312ACB379200103BB0 /* EventEdit.swift */; };
		CBAD45562C151D6E009D4EFF /* CobyDS in Frameworks */ = {isa = PBXBuildFile; productRef = CBAD45552C151D6E009D4EFF /* CobyDS */; };
		CBAD455A2C1582A7009D4EFF /* MapView.swift in Sources */ = {isa = PBXBuildFile; fileRef = CBAD45592C1582A7009D4EFF /* MapView.swift */; };
		CBAD455D2C158315009D4EFF /* TravelView.swift in Sources */ = {isa = PBXBuildFile; fileRef = CBAD455C2C158315009D4EFF /* TravelView.swift */; };
		CBAD45602C15841D009D4EFF /* ProfileView.swift in Sources */ = {isa = PBXBuildFile; fileRef = CBAD455F2C15841D009D4EFF /* ProfileView.swift */; };
		CBED4DD22AD14E2D00B8AB68 /* MapItemView.swift in Sources */ = {isa = PBXBuildFile; fileRef = CBED4DD12AD14E2D00B8AB68 /* MapItemView.swift */; };
/* End PBXBuildFile section */

/* Begin PBXFileReference section */
		CB2471002ADABBFC00EEA032 /* Place.swift */ = {isa = PBXFileReference; lastKnownFileType = sourcecode.swift; path = Place.swift; sourceTree = "<group>"; };
		CB314DF62ADAC1B9007B984A /* CustomScrollView.swift */ = {isa = PBXFileReference; lastKnownFileType = sourcecode.swift; path = CustomScrollView.swift; sourceTree = "<group>"; };
		CB45BFB32ADA5FE800EDEBC2 /* Photo.swift */ = {isa = PBXFileReference; lastKnownFileType = sourcecode.swift; path = Photo.swift; sourceTree = "<group>"; };
		CB96DE382ABF597600B01762 /* Info.plist */ = {isa = PBXFileReference; lastKnownFileType = text.plist.xml; path = Info.plist; sourceTree = "<group>"; };
		CB9EF8D02ABC633A00FDCE12 /* CobyHappiness.app */ = {isa = PBXFileReference; explicitFileType = wrapper.application; includeInIndex = 0; path = CobyHappiness.app; sourceTree = BUILT_PRODUCTS_DIR; };
		CB9EF8D32ABC633A00FDCE12 /* CobyHappinessApp.swift */ = {isa = PBXFileReference; lastKnownFileType = sourcecode.swift; path = CobyHappinessApp.swift; sourceTree = "<group>"; };
		CB9EF8DA2ABC633B00FDCE12 /* Preview Assets.xcassets */ = {isa = PBXFileReference; lastKnownFileType = folder.assetcatalog; path = "Preview Assets.xcassets"; sourceTree = "<group>"; };
		CB9EF8E62ABC674F00FDCE12 /* View+Extensions.swift */ = {isa = PBXFileReference; lastKnownFileType = sourcecode.swift; path = "View+Extensions.swift"; sourceTree = "<group>"; };
		CB9EF9072ABC829F00FDCE12 /* Assets.xcassets */ = {isa = PBXFileReference; lastKnownFileType = folder.assetcatalog; path = Assets.xcassets; sourceTree = "<group>"; };
		CBA038682ABF352F00BD74CF /* Event.swift */ = {isa = PBXFileReference; lastKnownFileType = sourcecode.swift; path = Event.swift; sourceTree = "<group>"; };
		CBAB7F4E2ACD402500257778 /* ContentView.swift */ = {isa = PBXFileReference; lastKnownFileType = sourcecode.swift; path = ContentView.swift; sourceTree = "<group>"; };
		CBAB7F532ACD455E00257778 /* Detail.swift */ = {isa = PBXFileReference; lastKnownFileType = sourcecode.swift; path = Detail.swift; sourceTree = "<group>"; };
		CBABE92E2ACB313C00103BB0 /* Home.swift */ = {isa = PBXFileReference; lastKnownFileType = sourcecode.swift; path = Home.swift; sourceTree = "<group>"; };
		CBABE9312ACB379200103BB0 /* EventEdit.swift */ = {isa = PBXFileReference; lastKnownFileType = sourcecode.swift; path = EventEdit.swift; sourceTree = "<group>"; };
		CBAD45592C1582A7009D4EFF /* MapView.swift */ = {isa = PBXFileReference; lastKnownFileType = sourcecode.swift; path = MapView.swift; sourceTree = "<group>"; };
		CBAD455C2C158315009D4EFF /* TravelView.swift */ = {isa = PBXFileReference; lastKnownFileType = sourcecode.swift; path = TravelView.swift; sourceTree = "<group>"; };
		CBAD455F2C15841D009D4EFF /* ProfileView.swift */ = {isa = PBXFileReference; lastKnownFileType = sourcecode.swift; path = ProfileView.swift; sourceTree = "<group>"; };
		CBED4DD12AD14E2D00B8AB68 /* MapItemView.swift */ = {isa = PBXFileReference; lastKnownFileType = sourcecode.swift; path = MapItemView.swift; sourceTree = "<group>"; };
/* End PBXFileReference section */

/* Begin PBXFrameworksBuildPhase section */
		CB9EF8CD2ABC633A00FDCE12 /* Frameworks */ = {
			isa = PBXFrameworksBuildPhase;
			buildActionMask = 2147483647;
			files = (
				CBAD45562C151D6E009D4EFF /* CobyDS in Frameworks */,
			);
			runOnlyForDeploymentPostprocessing = 0;
		};
/* End PBXFrameworksBuildPhase section */

/* Begin PBXGroup section */
		CB96DE342ABF588900B01762 /* Resource */ = {
			isa = PBXGroup;
			children = (
				CB9EF9072ABC829F00FDCE12 /* Assets.xcassets */,
			);
			path = Resource;
			sourceTree = "<group>";
		};
		CB9EF8C72ABC633A00FDCE12 = {
			isa = PBXGroup;
			children = (
				CB9EF8D22ABC633A00FDCE12 /* CobyHappiness */,
				CB9EF8D12ABC633A00FDCE12 /* Products */,
			);
			sourceTree = "<group>";
		};
		CB9EF8D12ABC633A00FDCE12 /* Products */ = {
			isa = PBXGroup;
			children = (
				CB9EF8D02ABC633A00FDCE12 /* CobyHappiness.app */,
			);
			name = Products;
			sourceTree = "<group>";
		};
		CB9EF8D22ABC633A00FDCE12 /* CobyHappiness */ = {
			isa = PBXGroup;
			children = (
				CB9EF8E12ABC670100FDCE12 /* Model */,
				CB9EF8E22ABC670E00FDCE12 /* Screens */,
				CB9EF8E42ABC672B00FDCE12 /* Supports */,
				CB96DE342ABF588900B01762 /* Resource */,
				CB9EF8D92ABC633B00FDCE12 /* Preview Content */,
			);
			path = CobyHappiness;
			sourceTree = "<group>";
		};
		CB9EF8D92ABC633B00FDCE12 /* Preview Content */ = {
			isa = PBXGroup;
			children = (
				CB9EF8DA2ABC633B00FDCE12 /* Preview Assets.xcassets */,
			);
			path = "Preview Content";
			sourceTree = "<group>";
		};
		CB9EF8E12ABC670100FDCE12 /* Model */ = {
			isa = PBXGroup;
			children = (
				CBA038682ABF352F00BD74CF /* Event.swift */,
				CB45BFB32ADA5FE800EDEBC2 /* Photo.swift */,
				CB2471002ADABBFC00EEA032 /* Place.swift */,
			);
			path = Model;
			sourceTree = "<group>";
		};
		CB9EF8E22ABC670E00FDCE12 /* Screens */ = {
			isa = PBXGroup;
			children = (
				CBAD45572C15816E009D4EFF /* Common */,
				CBABE92D2ACB313400103BB0 /* Home */,
				CBAD45582C15829C009D4EFF /* Map */,
				CBAD455B2C158308009D4EFF /* Travel */,
				CBAD455E2C158416009D4EFF /* Profile */,
				CBAB7F522ACD455200257778 /* Detail */,
				CBABE9302ACB378500103BB0 /* EventEdit */,
			);
			path = Screens;
			sourceTree = "<group>";
		};
		CB9EF8E42ABC672B00FDCE12 /* Supports */ = {
			isa = PBXGroup;
			children = (
				CB9EF8E52ABC673100FDCE12 /* Extensions */,
				CB96DE382ABF597600B01762 /* Info.plist */,
				CB9EF8D32ABC633A00FDCE12 /* CobyHappinessApp.swift */,
				CBAB7F4E2ACD402500257778 /* ContentView.swift */,
			);
			path = Supports;
			sourceTree = "<group>";
		};
		CB9EF8E52ABC673100FDCE12 /* Extensions */ = {
			isa = PBXGroup;
			children = (
				CB9EF8E62ABC674F00FDCE12 /* View+Extensions.swift */,
			);
			path = Extensions;
			sourceTree = "<group>";
		};
		CBAB7F522ACD455200257778 /* Detail */ = {
			isa = PBXGroup;
			children = (
				CBED4DD02AD14E2300B8AB68 /* Component */,
				CBAB7F532ACD455E00257778 /* Detail.swift */,
			);
			path = Detail;
			sourceTree = "<group>";
		};
		CBABE92D2ACB313400103BB0 /* Home */ = {
			isa = PBXGroup;
			children = (
				CBABE92E2ACB313C00103BB0 /* Home.swift */,
			);
			path = Home;
			sourceTree = "<group>";
		};
		CBABE9302ACB378500103BB0 /* EventEdit */ = {
			isa = PBXGroup;
			children = (
				CBABE9312ACB379200103BB0 /* EventEdit.swift */,
			);
			path = EventEdit;
			sourceTree = "<group>";
		};
		CBAD45572C15816E009D4EFF /* Common */ = {
			isa = PBXGroup;
			children = (
				CB314DF62ADAC1B9007B984A /* CustomScrollView.swift */,
			);
			path = Common;
			sourceTree = "<group>";
		};
		CBAD45582C15829C009D4EFF /* Map */ = {
			isa = PBXGroup;
			children = (
				CBAD45592C1582A7009D4EFF /* MapView.swift */,
			);
			path = Map;
			sourceTree = "<group>";
		};
		CBAD455B2C158308009D4EFF /* Travel */ = {
			isa = PBXGroup;
			children = (
				CBAD455C2C158315009D4EFF /* TravelView.swift */,
			);
			path = Travel;
			sourceTree = "<group>";
		};
		CBAD455E2C158416009D4EFF /* Profile */ = {
			isa = PBXGroup;
			children = (
				CBAD455F2C15841D009D4EFF /* ProfileView.swift */,
			);
			path = Profile;
			sourceTree = "<group>";
		};
		CBED4DD02AD14E2300B8AB68 /* Component */ = {
			isa = PBXGroup;
			children = (
				CBED4DD12AD14E2D00B8AB68 /* MapItemView.swift */,
			);
			path = Component;
			sourceTree = "<group>";
		};
/* End PBXGroup section */

/* Begin PBXNativeTarget section */
		CB9EF8CF2ABC633A00FDCE12 /* CobyHappiness */ = {
			isa = PBXNativeTarget;
			buildConfigurationList = CB9EF8DE2ABC633B00FDCE12 /* Build configuration list for PBXNativeTarget "CobyHappiness" */;
			buildPhases = (
				CB9EF8CC2ABC633A00FDCE12 /* Sources */,
				CB9EF8CD2ABC633A00FDCE12 /* Frameworks */,
				CB9EF8CE2ABC633A00FDCE12 /* Resources */,
			);
			buildRules = (
			);
			dependencies = (
			);
			name = CobyHappiness;
			packageProductDependencies = (
				CBAD45552C151D6E009D4EFF /* CobyDS */,
			);
			productName = CobyHappiness;
			productReference = CB9EF8D02ABC633A00FDCE12 /* CobyHappiness.app */;
			productType = "com.apple.product-type.application";
		};
/* End PBXNativeTarget section */

/* Begin PBXProject section */
		CB9EF8C82ABC633A00FDCE12 /* Project object */ = {
			isa = PBXProject;
			attributes = {
				BuildIndependentTargetsInParallel = 1;
				LastSwiftUpdateCheck = 1500;
				LastUpgradeCheck = 1500;
				TargetAttributes = {
					CB9EF8CF2ABC633A00FDCE12 = {
						CreatedOnToolsVersion = 15.0;
					};
				};
			};
			buildConfigurationList = CB9EF8CB2ABC633A00FDCE12 /* Build configuration list for PBXProject "CobyHappiness" */;
			compatibilityVersion = "Xcode 14.0";
			developmentRegion = en;
			hasScannedForEncodings = 0;
			knownRegions = (
				en,
				Base,
			);
			mainGroup = CB9EF8C72ABC633A00FDCE12;
			packageReferences = (
				CBAD45542C151D6E009D4EFF /* XCRemoteSwiftPackageReference "CobyDS" */,
			);
			productRefGroup = CB9EF8D12ABC633A00FDCE12 /* Products */;
			projectDirPath = "";
			projectRoot = "";
			targets = (
				CB9EF8CF2ABC633A00FDCE12 /* CobyHappiness */,
			);
		};
/* End PBXProject section */

/* Begin PBXResourcesBuildPhase section */
		CB9EF8CE2ABC633A00FDCE12 /* Resources */ = {
			isa = PBXResourcesBuildPhase;
			buildActionMask = 2147483647;
			files = (
				CB9EF9082ABC829F00FDCE12 /* Assets.xcassets in Resources */,
				CB9EF8DB2ABC633B00FDCE12 /* Preview Assets.xcassets in Resources */,
			);
			runOnlyForDeploymentPostprocessing = 0;
		};
/* End PBXResourcesBuildPhase section */

/* Begin PBXSourcesBuildPhase section */
		CB9EF8CC2ABC633A00FDCE12 /* Sources */ = {
			isa = PBXSourcesBuildPhase;
			buildActionMask = 2147483647;
			files = (
				CB314DF72ADAC1B9007B984A /* CustomScrollView.swift in Sources */,
				CBA038692ABF352F00BD74CF /* Event.swift in Sources */,
				CBAB7F542ACD455E00257778 /* Detail.swift in Sources */,
				CBAD455D2C158315009D4EFF /* TravelView.swift in Sources */,
				CBED4DD22AD14E2D00B8AB68 /* MapItemView.swift in Sources */,
				CBABE9322ACB379200103BB0 /* EventEdit.swift in Sources */,
				CB45BFB42ADA5FE800EDEBC2 /* Photo.swift in Sources */,
				CBAD45602C15841D009D4EFF /* ProfileView.swift in Sources */,
				CBAD455A2C1582A7009D4EFF /* MapView.swift in Sources */,
				CB9EF8E72ABC674F00FDCE12 /* View+Extensions.swift in Sources */,
				CBABE92F2ACB313C00103BB0 /* Home.swift in Sources */,
				CBAB7F4F2ACD402500257778 /* ContentView.swift in Sources */,
				CB9EF8D42ABC633A00FDCE12 /* CobyHappinessApp.swift in Sources */,
				CB2471012ADABBFC00EEA032 /* Place.swift in Sources */,
			);
			runOnlyForDeploymentPostprocessing = 0;
		};
/* End PBXSourcesBuildPhase section */

/* Begin XCBuildConfiguration section */
		CB9EF8DC2ABC633B00FDCE12 /* Debug */ = {
			isa = XCBuildConfiguration;
			buildSettings = {
				ALWAYS_SEARCH_USER_PATHS = NO;
				ASSETCATALOG_COMPILER_GENERATE_SWIFT_ASSET_SYMBOL_EXTENSIONS = YES;
				CLANG_ANALYZER_NONNULL = YES;
				CLANG_ANALYZER_NUMBER_OBJECT_CONVERSION = YES_AGGRESSIVE;
				CLANG_CXX_LANGUAGE_STANDARD = "gnu++20";
				CLANG_ENABLE_MODULES = YES;
				CLANG_ENABLE_OBJC_ARC = YES;
				CLANG_ENABLE_OBJC_WEAK = YES;
				CLANG_WARN_BLOCK_CAPTURE_AUTORELEASING = YES;
				CLANG_WARN_BOOL_CONVERSION = YES;
				CLANG_WARN_COMMA = YES;
				CLANG_WARN_CONSTANT_CONVERSION = YES;
				CLANG_WARN_DEPRECATED_OBJC_IMPLEMENTATIONS = YES;
				CLANG_WARN_DIRECT_OBJC_ISA_USAGE = YES_ERROR;
				CLANG_WARN_DOCUMENTATION_COMMENTS = YES;
				CLANG_WARN_EMPTY_BODY = YES;
				CLANG_WARN_ENUM_CONVERSION = YES;
				CLANG_WARN_INFINITE_RECURSION = YES;
				CLANG_WARN_INT_CONVERSION = YES;
				CLANG_WARN_NON_LITERAL_NULL_CONVERSION = YES;
				CLANG_WARN_OBJC_IMPLICIT_RETAIN_SELF = YES;
				CLANG_WARN_OBJC_LITERAL_CONVERSION = YES;
				CLANG_WARN_OBJC_ROOT_CLASS = YES_ERROR;
				CLANG_WARN_QUOTED_INCLUDE_IN_FRAMEWORK_HEADER = YES;
				CLANG_WARN_RANGE_LOOP_ANALYSIS = YES;
				CLANG_WARN_STRICT_PROTOTYPES = YES;
				CLANG_WARN_SUSPICIOUS_MOVE = YES;
				CLANG_WARN_UNGUARDED_AVAILABILITY = YES_AGGRESSIVE;
				CLANG_WARN_UNREACHABLE_CODE = YES;
				CLANG_WARN__DUPLICATE_METHOD_MATCH = YES;
				COPY_PHASE_STRIP = NO;
				DEBUG_INFORMATION_FORMAT = dwarf;
				ENABLE_STRICT_OBJC_MSGSEND = YES;
				ENABLE_TESTABILITY = YES;
				ENABLE_USER_SCRIPT_SANDBOXING = YES;
				GCC_C_LANGUAGE_STANDARD = gnu17;
				GCC_DYNAMIC_NO_PIC = NO;
				GCC_NO_COMMON_BLOCKS = YES;
				GCC_OPTIMIZATION_LEVEL = 0;
				GCC_PREPROCESSOR_DEFINITIONS = (
					"DEBUG=1",
					"$(inherited)",
				);
				GCC_WARN_64_TO_32_BIT_CONVERSION = YES;
				GCC_WARN_ABOUT_RETURN_TYPE = YES_ERROR;
				GCC_WARN_UNDECLARED_SELECTOR = YES;
				GCC_WARN_UNINITIALIZED_AUTOS = YES_AGGRESSIVE;
				GCC_WARN_UNUSED_FUNCTION = YES;
				GCC_WARN_UNUSED_VARIABLE = YES;
				INFOPLIST_KEY_CFBundleDisplayName = Happy;
				IPHONEOS_DEPLOYMENT_TARGET = 17.0;
				LOCALIZATION_PREFERS_STRING_CATALOGS = YES;
				MTL_ENABLE_DEBUG_INFO = INCLUDE_SOURCE;
				MTL_FAST_MATH = YES;
				ONLY_ACTIVE_ARCH = YES;
				SDKROOT = iphoneos;
				SWIFT_ACTIVE_COMPILATION_CONDITIONS = "DEBUG $(inherited)";
				SWIFT_OPTIMIZATION_LEVEL = "-Onone";
			};
			name = Debug;
		};
		CB9EF8DD2ABC633B00FDCE12 /* Release */ = {
			isa = XCBuildConfiguration;
			buildSettings = {
				ALWAYS_SEARCH_USER_PATHS = NO;
				ASSETCATALOG_COMPILER_GENERATE_SWIFT_ASSET_SYMBOL_EXTENSIONS = YES;
				CLANG_ANALYZER_NONNULL = YES;
				CLANG_ANALYZER_NUMBER_OBJECT_CONVERSION = YES_AGGRESSIVE;
				CLANG_CXX_LANGUAGE_STANDARD = "gnu++20";
				CLANG_ENABLE_MODULES = YES;
				CLANG_ENABLE_OBJC_ARC = YES;
				CLANG_ENABLE_OBJC_WEAK = YES;
				CLANG_WARN_BLOCK_CAPTURE_AUTORELEASING = YES;
				CLANG_WARN_BOOL_CONVERSION = YES;
				CLANG_WARN_COMMA = YES;
				CLANG_WARN_CONSTANT_CONVERSION = YES;
				CLANG_WARN_DEPRECATED_OBJC_IMPLEMENTATIONS = YES;
				CLANG_WARN_DIRECT_OBJC_ISA_USAGE = YES_ERROR;
				CLANG_WARN_DOCUMENTATION_COMMENTS = YES;
				CLANG_WARN_EMPTY_BODY = YES;
				CLANG_WARN_ENUM_CONVERSION = YES;
				CLANG_WARN_INFINITE_RECURSION = YES;
				CLANG_WARN_INT_CONVERSION = YES;
				CLANG_WARN_NON_LITERAL_NULL_CONVERSION = YES;
				CLANG_WARN_OBJC_IMPLICIT_RETAIN_SELF = YES;
				CLANG_WARN_OBJC_LITERAL_CONVERSION = YES;
				CLANG_WARN_OBJC_ROOT_CLASS = YES_ERROR;
				CLANG_WARN_QUOTED_INCLUDE_IN_FRAMEWORK_HEADER = YES;
				CLANG_WARN_RANGE_LOOP_ANALYSIS = YES;
				CLANG_WARN_STRICT_PROTOTYPES = YES;
				CLANG_WARN_SUSPICIOUS_MOVE = YES;
				CLANG_WARN_UNGUARDED_AVAILABILITY = YES_AGGRESSIVE;
				CLANG_WARN_UNREACHABLE_CODE = YES;
				CLANG_WARN__DUPLICATE_METHOD_MATCH = YES;
				COPY_PHASE_STRIP = NO;
				DEBUG_INFORMATION_FORMAT = "dwarf-with-dsym";
				ENABLE_NS_ASSERTIONS = NO;
				ENABLE_STRICT_OBJC_MSGSEND = YES;
				ENABLE_USER_SCRIPT_SANDBOXING = YES;
				GCC_C_LANGUAGE_STANDARD = gnu17;
				GCC_NO_COMMON_BLOCKS = YES;
				GCC_WARN_64_TO_32_BIT_CONVERSION = YES;
				GCC_WARN_ABOUT_RETURN_TYPE = YES_ERROR;
				GCC_WARN_UNDECLARED_SELECTOR = YES;
				GCC_WARN_UNINITIALIZED_AUTOS = YES_AGGRESSIVE;
				GCC_WARN_UNUSED_FUNCTION = YES;
				GCC_WARN_UNUSED_VARIABLE = YES;
				INFOPLIST_KEY_CFBundleDisplayName = Happy;
				IPHONEOS_DEPLOYMENT_TARGET = 17.0;
				LOCALIZATION_PREFERS_STRING_CATALOGS = YES;
				MTL_ENABLE_DEBUG_INFO = NO;
				MTL_FAST_MATH = YES;
				SDKROOT = iphoneos;
				SWIFT_COMPILATION_MODE = wholemodule;
				VALIDATE_PRODUCT = YES;
			};
			name = Release;
		};
		CB9EF8DF2ABC633B00FDCE12 /* Debug */ = {
			isa = XCBuildConfiguration;
			buildSettings = {
				ASSETCATALOG_COMPILER_APPICON_NAME = AppIcon;
				ASSETCATALOG_COMPILER_GLOBAL_ACCENT_COLOR_NAME = AccentColor;
				CODE_SIGN_STYLE = Automatic;
				CURRENT_PROJECT_VERSION = 1;
				DEVELOPMENT_ASSET_PATHS = "\"CobyHappiness/Preview Content\"";
				DEVELOPMENT_TEAM = 3Y8YH8GWMM;
				ENABLE_PREVIEWS = YES;
				GENERATE_INFOPLIST_FILE = YES;
				INFOPLIST_FILE = CobyHappiness/Supports/Info.plist;
				INFOPLIST_KEY_CFBundleDisplayName = Happy;
				INFOPLIST_KEY_LSApplicationCategoryType = "public.app-category.lifestyle";
				INFOPLIST_KEY_NSPhotoLibraryUsageDescription = "Need date and loacation";
				INFOPLIST_KEY_UIApplicationSceneManifest_Generation = YES;
				INFOPLIST_KEY_UIApplicationSupportsIndirectInputEvents = YES;
				INFOPLIST_KEY_UILaunchScreen_Generation = YES;
				INFOPLIST_KEY_UISupportedInterfaceOrientations = UIInterfaceOrientationPortrait;
				INFOPLIST_KEY_UISupportedInterfaceOrientations_iPad = "UIInterfaceOrientationLandscapeLeft UIInterfaceOrientationLandscapeRight UIInterfaceOrientationPortrait UIInterfaceOrientationPortraitUpsideDown";
				IPHONEOS_DEPLOYMENT_TARGET = 17.0;
				LD_RUNPATH_SEARCH_PATHS = (
					"$(inherited)",
					"@executable_path/Frameworks",
				);
				MARKETING_VERSION = 1.0;
				PRODUCT_BUNDLE_IDENTIFIER = com.coby.CobyHappiness;
				PRODUCT_NAME = "$(TARGET_NAME)";
				SWIFT_EMIT_LOC_STRINGS = YES;
				SWIFT_VERSION = 5.0;
				TARGETED_DEVICE_FAMILY = "1,2";
			};
			name = Debug;
		};
		CB9EF8E02ABC633B00FDCE12 /* Release */ = {
			isa = XCBuildConfiguration;
			buildSettings = {
				ASSETCATALOG_COMPILER_APPICON_NAME = AppIcon;
				ASSETCATALOG_COMPILER_GLOBAL_ACCENT_COLOR_NAME = AccentColor;
				CODE_SIGN_STYLE = Automatic;
				CURRENT_PROJECT_VERSION = 1;
				DEVELOPMENT_ASSET_PATHS = "\"CobyHappiness/Preview Content\"";
				DEVELOPMENT_TEAM = 3Y8YH8GWMM;
				ENABLE_PREVIEWS = YES;
				GENERATE_INFOPLIST_FILE = YES;
				INFOPLIST_FILE = CobyHappiness/Supports/Info.plist;
				INFOPLIST_KEY_CFBundleDisplayName = Happy;
				INFOPLIST_KEY_LSApplicationCategoryType = "public.app-category.lifestyle";
				INFOPLIST_KEY_NSPhotoLibraryUsageDescription = "Need date and loacation";
				INFOPLIST_KEY_UIApplicationSceneManifest_Generation = YES;
				INFOPLIST_KEY_UIApplicationSupportsIndirectInputEvents = YES;
				INFOPLIST_KEY_UILaunchScreen_Generation = YES;
				INFOPLIST_KEY_UISupportedInterfaceOrientations = UIInterfaceOrientationPortrait;
				INFOPLIST_KEY_UISupportedInterfaceOrientations_iPad = "UIInterfaceOrientationLandscapeLeft UIInterfaceOrientationLandscapeRight UIInterfaceOrientationPortrait UIInterfaceOrientationPortraitUpsideDown";
				IPHONEOS_DEPLOYMENT_TARGET = 17.0;
				LD_RUNPATH_SEARCH_PATHS = (
					"$(inherited)",
					"@executable_path/Frameworks",
				);
				MARKETING_VERSION = 1.0;
				PRODUCT_BUNDLE_IDENTIFIER = com.coby.CobyHappiness;
				PRODUCT_NAME = "$(TARGET_NAME)";
				SWIFT_EMIT_LOC_STRINGS = YES;
				SWIFT_VERSION = 5.0;
				TARGETED_DEVICE_FAMILY = "1,2";
			};
			name = Release;
		};
/* End XCBuildConfiguration section */

/* Begin XCConfigurationList section */
		CB9EF8CB2ABC633A00FDCE12 /* Build configuration list for PBXProject "CobyHappiness" */ = {
			isa = XCConfigurationList;
			buildConfigurations = (
				CB9EF8DC2ABC633B00FDCE12 /* Debug */,
				CB9EF8DD2ABC633B00FDCE12 /* Release */,
			);
			defaultConfigurationIsVisible = 0;
			defaultConfigurationName = Release;
		};
		CB9EF8DE2ABC633B00FDCE12 /* Build configuration list for PBXNativeTarget "CobyHappiness" */ = {
			isa = XCConfigurationList;
			buildConfigurations = (
				CB9EF8DF2ABC633B00FDCE12 /* Debug */,
				CB9EF8E02ABC633B00FDCE12 /* Release */,
			);
			defaultConfigurationIsVisible = 0;
			defaultConfigurationName = Release;
		};
/* End XCConfigurationList section */

/* Begin XCRemoteSwiftPackageReference section */
		CBAD45542C151D6E009D4EFF /* XCRemoteSwiftPackageReference "CobyDS" */ = {
			isa = XCRemoteSwiftPackageReference;
			repositoryURL = "https://github.com/CobyLibrary/CobyDS.git";
			requirement = {
				kind = exactVersion;
				version = 1.0.3;
			};
		};
/* End XCRemoteSwiftPackageReference section */

/* Begin XCSwiftPackageProductDependency section */
		CBAD45552C151D6E009D4EFF /* CobyDS */ = {
			isa = XCSwiftPackageProductDependency;
			package = CBAD45542C151D6E009D4EFF /* XCRemoteSwiftPackageReference "CobyDS" */;
			productName = CobyDS;
		};
/* End XCSwiftPackageProductDependency section */
	};
	rootObject = CB9EF8C82ABC633A00FDCE12 /* Project object */;
}
