// !$*UTF8*$!
{
	archiveVersion = 1;
	classes = {
	};
	objectVersion = 56;
	objects = {

/* Begin PBXBuildFile section */
		CB07E5A72C37AD5E00E78DD1 /* SettingStore.swift in Sources */ = {isa = PBXBuildFile; fileRef = CB07E5A62C37AD5E00E78DD1 /* SettingStore.swift */; };
		CB09A5422C27EBB900CB8485 /* SettingView.swift in Sources */ = {isa = PBXBuildFile; fileRef = CB09A5412C27EBB900CB8485 /* SettingView.swift */; };
		CB09A5492C2B115800CB8485 /* MemoryType.swift in Sources */ = {isa = PBXBuildFile; fileRef = CB09A5482C2B115800CB8485 /* MemoryType.swift */; };
		CB0D58EA2C1EE83B00EFE3D3 /* EditBunchView.swift in Sources */ = {isa = PBXBuildFile; fileRef = CB0D58E92C1EE83B00EFE3D3 /* EditBunchView.swift */; };
		CB2471012ADABBFC00EEA032 /* PlaceModel.swift in Sources */ = {isa = PBXBuildFile; fileRef = CB2471002ADABBFC00EEA032 /* PlaceModel.swift */; };
		CB4063B12C1763EA00654F89 /* EditMemoryView.swift in Sources */ = {isa = PBXBuildFile; fileRef = CB4063B02C1763EA00654F89 /* EditMemoryView.swift */; };
		CB4063B32C189B4B00654F89 /* Bunch.swift in Sources */ = {isa = PBXBuildFile; fileRef = CB4063B22C189B4B00654F89 /* Bunch.swift */; };
		CB4063BC2C18A66200654F89 /* SetBunchMemoriesView.swift in Sources */ = {isa = PBXBuildFile; fileRef = CB4063BB2C18A66200654F89 /* SetBunchMemoriesView.swift */; };
		CB4196012C18B83E003D958C /* DetailBunchView.swift in Sources */ = {isa = PBXBuildFile; fileRef = CB4196002C18B83E003D958C /* DetailBunchView.swift */; };
		CB4196092C19CF00003D958C /* UIImage+Assets.swift in Sources */ = {isa = PBXBuildFile; fileRef = CB4196082C19CF00003D958C /* UIImage+Assets.swift */; };
		CB4511F72C32933200B5FA02 /* EditBunchStore.swift in Sources */ = {isa = PBXBuildFile; fileRef = CB4511F62C32933200B5FA02 /* EditBunchStore.swift */; };
		CB4511F92C32936200B5FA02 /* EditMemoryStore.swift in Sources */ = {isa = PBXBuildFile; fileRef = CB4511F82C32936200B5FA02 /* EditMemoryStore.swift */; };
		CB76292A2C267DF700138186 /* EmptyMemoryView.swift in Sources */ = {isa = PBXBuildFile; fileRef = CB7629292C267DF700138186 /* EmptyMemoryView.swift */; };
		CB76292C2C26898A00138186 /* EmptyBunchView.swift in Sources */ = {isa = PBXBuildFile; fileRef = CB76292B2C26898A00138186 /* EmptyBunchView.swift */; };
		CB7D46E32C2D3D5B001E5E32 /* MapStore.swift in Sources */ = {isa = PBXBuildFile; fileRef = CB7D46E22C2D3D5B001E5E32 /* MapStore.swift */; };
		CB8836AC2C2BE6AC0037CEC7 /* BunchModel.swift in Sources */ = {isa = PBXBuildFile; fileRef = CB8836AB2C2BE6AC0037CEC7 /* BunchModel.swift */; };
		CB8836AE2C2BE6B10037CEC7 /* MemoryModel.swift in Sources */ = {isa = PBXBuildFile; fileRef = CB8836AD2C2BE6B10037CEC7 /* MemoryModel.swift */; };
		CB8836B12C2BE7B90037CEC7 /* BunchMapper.swift in Sources */ = {isa = PBXBuildFile; fileRef = CB8836B02C2BE7B90037CEC7 /* BunchMapper.swift */; };
		CB8836B32C2BE80A0037CEC7 /* MemoryMapper.swift in Sources */ = {isa = PBXBuildFile; fileRef = CB8836B22C2BE80A0037CEC7 /* MemoryMapper.swift */; };
		CB8836B72C2BF76E0037CEC7 /* DetailMemoryStore.swift in Sources */ = {isa = PBXBuildFile; fileRef = CB8836B62C2BF76D0037CEC7 /* DetailMemoryStore.swift */; };
		CB9651DA2C3817A6009D13A6 /* DetailPhotosView.swift in Sources */ = {isa = PBXBuildFile; fileRef = CB9651D92C3817A6009D13A6 /* DetailPhotosView.swift */; };
		CB9651DC2C381842009D13A6 /* DetailHeaderView.swift in Sources */ = {isa = PBXBuildFile; fileRef = CB9651DB2C381842009D13A6 /* DetailHeaderView.swift */; };
		CB9651E02C384B6F009D13A6 /* EditMemoryFirstPageView.swift in Sources */ = {isa = PBXBuildFile; fileRef = CB9651DF2C384B6F009D13A6 /* EditMemoryFirstPageView.swift */; };
		CB9651E22C384B79009D13A6 /* EditMemorySecondPageView.swift in Sources */ = {isa = PBXBuildFile; fileRef = CB9651E12C384B79009D13A6 /* EditMemorySecondPageView.swift */; };
		CB9651E52C384BCB009D13A6 /* SetMemoryPhotosView.swift in Sources */ = {isa = PBXBuildFile; fileRef = CB9651E42C384BCB009D13A6 /* SetMemoryPhotosView.swift */; };
		CB9651E72C384D31009D13A6 /* TagView.swift in Sources */ = {isa = PBXBuildFile; fileRef = CB9651E62C384D31009D13A6 /* TagView.swift */; };
		CB9651E92C384E4E009D13A6 /* SetMemoryTypeView.swift in Sources */ = {isa = PBXBuildFile; fileRef = CB9651E82C384E4E009D13A6 /* SetMemoryTypeView.swift */; };
		CB9651EB2C384F48009D13A6 /* SetMemoryContentView.swift in Sources */ = {isa = PBXBuildFile; fileRef = CB9651EA2C384F48009D13A6 /* SetMemoryContentView.swift */; };
		CB9651ED2C385562009D13A6 /* PageType.swift in Sources */ = {isa = PBXBuildFile; fileRef = CB9651EC2C385562009D13A6 /* PageType.swift */; };
		CB9651EF2C3858A6009D13A6 /* PageBottomButtonView.swift in Sources */ = {isa = PBXBuildFile; fileRef = CB9651EE2C3858A6009D13A6 /* PageBottomButtonView.swift */; };
		CB9651F12C386F53009D13A6 /* EditBunchFirstPageView.swift in Sources */ = {isa = PBXBuildFile; fileRef = CB9651F02C386F53009D13A6 /* EditBunchFirstPageView.swift */; };
		CB9651F32C386F5B009D13A6 /* EditBunchSecondPageView.swift in Sources */ = {isa = PBXBuildFile; fileRef = CB9651F22C386F5B009D13A6 /* EditBunchSecondPageView.swift */; };
		CB9651F52C387597009D13A6 /* SetBunchImageView.swift in Sources */ = {isa = PBXBuildFile; fileRef = CB9651F42C387596009D13A6 /* SetBunchImageView.swift */; };
		CB9651F72C38FE15009D13A6 /* Date+Extensions.swift in Sources */ = {isa = PBXBuildFile; fileRef = CB9651F62C38FE15009D13A6 /* Date+Extensions.swift */; };
		CB9D9FD12C36EA79003570F0 /* LocationMapper.swift in Sources */ = {isa = PBXBuildFile; fileRef = CB9D9FD02C36EA79003570F0 /* LocationMapper.swift */; };
		CB9EF8D42ABC633A00FDCE12 /* CobyHappinessApp.swift in Sources */ = {isa = PBXBuildFile; fileRef = CB9EF8D32ABC633A00FDCE12 /* CobyHappinessApp.swift */; };
		CB9EF8DB2ABC633B00FDCE12 /* Preview Assets.xcassets in Resources */ = {isa = PBXBuildFile; fileRef = CB9EF8DA2ABC633B00FDCE12 /* Preview Assets.xcassets */; };
		CB9EF8E72ABC674F00FDCE12 /* View+Extensions.swift in Sources */ = {isa = PBXBuildFile; fileRef = CB9EF8E62ABC674F00FDCE12 /* View+Extensions.swift */; };
		CB9EF9082ABC829F00FDCE12 /* Assets.xcassets in Resources */ = {isa = PBXBuildFile; fileRef = CB9EF9072ABC829F00FDCE12 /* Assets.xcassets */; };
		CBA038692ABF352F00BD74CF /* Memory.swift in Sources */ = {isa = PBXBuildFile; fileRef = CBA038682ABF352F00BD74CF /* Memory.swift */; };
		CBAB7F4F2ACD402500257778 /* ContentView.swift in Sources */ = {isa = PBXBuildFile; fileRef = CBAB7F4E2ACD402500257778 /* ContentView.swift */; };
		CBAB7F542ACD455E00257778 /* DetailMemoryView.swift in Sources */ = {isa = PBXBuildFile; fileRef = CBAB7F532ACD455E00257778 /* DetailMemoryView.swift */; };
		CBABE92F2ACB313C00103BB0 /* HomeView.swift in Sources */ = {isa = PBXBuildFile; fileRef = CBABE92E2ACB313C00103BB0 /* HomeView.swift */; };
		CBAD45562C151D6E009D4EFF /* CobyDS in Frameworks */ = {isa = PBXBuildFile; productRef = CBAD45552C151D6E009D4EFF /* CobyDS */; };
		CBAD455A2C1582A7009D4EFF /* MapView.swift in Sources */ = {isa = PBXBuildFile; fileRef = CBAD45592C1582A7009D4EFF /* MapView.swift */; };
		CBAD455D2C158315009D4EFF /* BunchView.swift in Sources */ = {isa = PBXBuildFile; fileRef = CBAD455C2C158315009D4EFF /* BunchView.swift */; };
		CBAD45602C15841D009D4EFF /* ProfileView.swift in Sources */ = {isa = PBXBuildFile; fileRef = CBAD455F2C15841D009D4EFF /* ProfileView.swift */; };
		CBAD45692C15EBB1009D4EFF /* LocationModel.swift in Sources */ = {isa = PBXBuildFile; fileRef = CBAD45682C15EBB1009D4EFF /* LocationModel.swift */; };
		CBAF77252C2D4CCD00F40F76 /* BunchStore.swift in Sources */ = {isa = PBXBuildFile; fileRef = CBAF77242C2D4CCD00F40F76 /* BunchStore.swift */; };
		CBAF77292C2D4E6700F40F76 /* ProfileStore.swift in Sources */ = {isa = PBXBuildFile; fileRef = CBAF77282C2D4E6700F40F76 /* ProfileStore.swift */; };
		CBAF772D2C2D539400F40F76 /* DetailBunchStore.swift in Sources */ = {isa = PBXBuildFile; fileRef = CBAF772C2C2D539400F40F76 /* DetailBunchStore.swift */; };
		CBB21C982C16F273007E6AA2 /* MapRepresentableView.swift in Sources */ = {isa = PBXBuildFile; fileRef = CBB21C972C16F273007E6AA2 /* MapRepresentableView.swift */; };
		CBC3A4122C2BE5CE00B62F82 /* ComposableArchitecture in Frameworks */ = {isa = PBXBuildFile; productRef = CBC3A4112C2BE5CE00B62F82 /* ComposableArchitecture */; };
		CBC3A4162C2BE5F900B62F82 /* HomeStore.swift in Sources */ = {isa = PBXBuildFile; fileRef = CBC3A4152C2BE5F900B62F82 /* HomeStore.swift */; };
		CBCA53802C34312E00544CC5 /* Database.swift in Sources */ = {isa = PBXBuildFile; fileRef = CBCA537F2C34312E00544CC5 /* Database.swift */; };
		CBCA53822C34316A00544CC5 /* BunchDatabase.swift in Sources */ = {isa = PBXBuildFile; fileRef = CBCA53812C34316A00544CC5 /* BunchDatabase.swift */; };
		CBF178802C3314D900C81F4A /* Sequence.swift in Sources */ = {isa = PBXBuildFile; fileRef = CBF1787F2C3314D900C81F4A /* Sequence.swift */; };
		CBFF75A42C34558B00B00CE9 /* MemoryDatabase.swift in Sources */ = {isa = PBXBuildFile; fileRef = CBFF75A32C34558B00B00CE9 /* MemoryDatabase.swift */; };
/* End PBXBuildFile section */

/* Begin PBXFileReference section */
		CB07E5A62C37AD5E00E78DD1 /* SettingStore.swift */ = {isa = PBXFileReference; lastKnownFileType = sourcecode.swift; path = SettingStore.swift; sourceTree = "<group>"; };
		CB09A5412C27EBB900CB8485 /* SettingView.swift */ = {isa = PBXFileReference; lastKnownFileType = sourcecode.swift; path = SettingView.swift; sourceTree = "<group>"; };
		CB09A5482C2B115800CB8485 /* MemoryType.swift */ = {isa = PBXFileReference; lastKnownFileType = sourcecode.swift; path = MemoryType.swift; sourceTree = "<group>"; };
		CB0D58E92C1EE83B00EFE3D3 /* EditBunchView.swift */ = {isa = PBXFileReference; lastKnownFileType = sourcecode.swift; path = EditBunchView.swift; sourceTree = "<group>"; };
		CB2471002ADABBFC00EEA032 /* PlaceModel.swift */ = {isa = PBXFileReference; lastKnownFileType = sourcecode.swift; path = PlaceModel.swift; sourceTree = "<group>"; };
		CB4063B02C1763EA00654F89 /* EditMemoryView.swift */ = {isa = PBXFileReference; lastKnownFileType = sourcecode.swift; path = EditMemoryView.swift; sourceTree = "<group>"; };
		CB4063B22C189B4B00654F89 /* Bunch.swift */ = {isa = PBXFileReference; lastKnownFileType = sourcecode.swift; path = Bunch.swift; sourceTree = "<group>"; };
		CB4063BB2C18A66200654F89 /* SetBunchMemoriesView.swift */ = {isa = PBXFileReference; lastKnownFileType = sourcecode.swift; path = SetBunchMemoriesView.swift; sourceTree = "<group>"; };
		CB4196002C18B83E003D958C /* DetailBunchView.swift */ = {isa = PBXFileReference; lastKnownFileType = sourcecode.swift; path = DetailBunchView.swift; sourceTree = "<group>"; };
		CB4196082C19CF00003D958C /* UIImage+Assets.swift */ = {isa = PBXFileReference; lastKnownFileType = sourcecode.swift; path = "UIImage+Assets.swift"; sourceTree = "<group>"; };
		CB4511F62C32933200B5FA02 /* EditBunchStore.swift */ = {isa = PBXFileReference; lastKnownFileType = sourcecode.swift; path = EditBunchStore.swift; sourceTree = "<group>"; };
		CB4511F82C32936200B5FA02 /* EditMemoryStore.swift */ = {isa = PBXFileReference; lastKnownFileType = sourcecode.swift; path = EditMemoryStore.swift; sourceTree = "<group>"; };
		CB7629292C267DF700138186 /* EmptyMemoryView.swift */ = {isa = PBXFileReference; lastKnownFileType = sourcecode.swift; path = EmptyMemoryView.swift; sourceTree = "<group>"; };
		CB76292B2C26898A00138186 /* EmptyBunchView.swift */ = {isa = PBXFileReference; lastKnownFileType = sourcecode.swift; path = EmptyBunchView.swift; sourceTree = "<group>"; };
		CB7D46E22C2D3D5B001E5E32 /* MapStore.swift */ = {isa = PBXFileReference; lastKnownFileType = sourcecode.swift; path = MapStore.swift; sourceTree = "<group>"; };
		CB8836AB2C2BE6AC0037CEC7 /* BunchModel.swift */ = {isa = PBXFileReference; lastKnownFileType = sourcecode.swift; path = BunchModel.swift; sourceTree = "<group>"; };
		CB8836AD2C2BE6B10037CEC7 /* MemoryModel.swift */ = {isa = PBXFileReference; lastKnownFileType = sourcecode.swift; path = MemoryModel.swift; sourceTree = "<group>"; };
		CB8836B02C2BE7B90037CEC7 /* BunchMapper.swift */ = {isa = PBXFileReference; lastKnownFileType = sourcecode.swift; path = BunchMapper.swift; sourceTree = "<group>"; };
		CB8836B22C2BE80A0037CEC7 /* MemoryMapper.swift */ = {isa = PBXFileReference; lastKnownFileType = sourcecode.swift; path = MemoryMapper.swift; sourceTree = "<group>"; };
		CB8836B62C2BF76D0037CEC7 /* DetailMemoryStore.swift */ = {isa = PBXFileReference; lastKnownFileType = sourcecode.swift; path = DetailMemoryStore.swift; sourceTree = "<group>"; };
		CB9651D82C3812F7009D13A6 /* CobyHappiness.entitlements */ = {isa = PBXFileReference; lastKnownFileType = text.plist.entitlements; path = CobyHappiness.entitlements; sourceTree = "<group>"; };
		CB9651D92C3817A6009D13A6 /* DetailPhotosView.swift */ = {isa = PBXFileReference; lastKnownFileType = sourcecode.swift; path = DetailPhotosView.swift; sourceTree = "<group>"; };
		CB9651DB2C381842009D13A6 /* DetailHeaderView.swift */ = {isa = PBXFileReference; lastKnownFileType = sourcecode.swift; path = DetailHeaderView.swift; sourceTree = "<group>"; };
		CB9651DF2C384B6F009D13A6 /* EditMemoryFirstPageView.swift */ = {isa = PBXFileReference; lastKnownFileType = sourcecode.swift; path = EditMemoryFirstPageView.swift; sourceTree = "<group>"; };
		CB9651E12C384B79009D13A6 /* EditMemorySecondPageView.swift */ = {isa = PBXFileReference; lastKnownFileType = sourcecode.swift; path = EditMemorySecondPageView.swift; sourceTree = "<group>"; };
		CB9651E42C384BCB009D13A6 /* SetMemoryPhotosView.swift */ = {isa = PBXFileReference; lastKnownFileType = sourcecode.swift; path = SetMemoryPhotosView.swift; sourceTree = "<group>"; };
		CB9651E62C384D31009D13A6 /* TagView.swift */ = {isa = PBXFileReference; lastKnownFileType = sourcecode.swift; path = TagView.swift; sourceTree = "<group>"; };
		CB9651E82C384E4E009D13A6 /* SetMemoryTypeView.swift */ = {isa = PBXFileReference; lastKnownFileType = sourcecode.swift; path = SetMemoryTypeView.swift; sourceTree = "<group>"; };
		CB9651EA2C384F48009D13A6 /* SetMemoryContentView.swift */ = {isa = PBXFileReference; lastKnownFileType = sourcecode.swift; path = SetMemoryContentView.swift; sourceTree = "<group>"; };
		CB9651EC2C385562009D13A6 /* PageType.swift */ = {isa = PBXFileReference; lastKnownFileType = sourcecode.swift; path = PageType.swift; sourceTree = "<group>"; };
		CB9651EE2C3858A6009D13A6 /* PageBottomButtonView.swift */ = {isa = PBXFileReference; lastKnownFileType = sourcecode.swift; path = PageBottomButtonView.swift; sourceTree = "<group>"; };
		CB9651F02C386F53009D13A6 /* EditBunchFirstPageView.swift */ = {isa = PBXFileReference; lastKnownFileType = sourcecode.swift; path = EditBunchFirstPageView.swift; sourceTree = "<group>"; };
		CB9651F22C386F5B009D13A6 /* EditBunchSecondPageView.swift */ = {isa = PBXFileReference; lastKnownFileType = sourcecode.swift; path = EditBunchSecondPageView.swift; sourceTree = "<group>"; };
		CB9651F42C387596009D13A6 /* SetBunchImageView.swift */ = {isa = PBXFileReference; lastKnownFileType = sourcecode.swift; path = SetBunchImageView.swift; sourceTree = "<group>"; };
		CB9651F62C38FE15009D13A6 /* Date+Extensions.swift */ = {isa = PBXFileReference; lastKnownFileType = sourcecode.swift; path = "Date+Extensions.swift"; sourceTree = "<group>"; };
		CB96DE382ABF597600B01762 /* Info.plist */ = {isa = PBXFileReference; lastKnownFileType = text.plist.xml; path = Info.plist; sourceTree = "<group>"; };
		CB9D9FD02C36EA79003570F0 /* LocationMapper.swift */ = {isa = PBXFileReference; lastKnownFileType = sourcecode.swift; path = LocationMapper.swift; sourceTree = "<group>"; };
		CB9EF8D02ABC633A00FDCE12 /* CobyHappiness.app */ = {isa = PBXFileReference; explicitFileType = wrapper.application; includeInIndex = 0; path = CobyHappiness.app; sourceTree = BUILT_PRODUCTS_DIR; };
		CB9EF8D32ABC633A00FDCE12 /* CobyHappinessApp.swift */ = {isa = PBXFileReference; lastKnownFileType = sourcecode.swift; path = CobyHappinessApp.swift; sourceTree = "<group>"; };
		CB9EF8DA2ABC633B00FDCE12 /* Preview Assets.xcassets */ = {isa = PBXFileReference; lastKnownFileType = folder.assetcatalog; path = "Preview Assets.xcassets"; sourceTree = "<group>"; };
		CB9EF8E62ABC674F00FDCE12 /* View+Extensions.swift */ = {isa = PBXFileReference; lastKnownFileType = sourcecode.swift; path = "View+Extensions.swift"; sourceTree = "<group>"; };
		CB9EF9072ABC829F00FDCE12 /* Assets.xcassets */ = {isa = PBXFileReference; lastKnownFileType = folder.assetcatalog; path = Assets.xcassets; sourceTree = "<group>"; };
		CBA038682ABF352F00BD74CF /* Memory.swift */ = {isa = PBXFileReference; lastKnownFileType = sourcecode.swift; path = Memory.swift; sourceTree = "<group>"; };
		CBAB7F4E2ACD402500257778 /* ContentView.swift */ = {isa = PBXFileReference; lastKnownFileType = sourcecode.swift; path = ContentView.swift; sourceTree = "<group>"; };
		CBAB7F532ACD455E00257778 /* DetailMemoryView.swift */ = {isa = PBXFileReference; lastKnownFileType = sourcecode.swift; path = DetailMemoryView.swift; sourceTree = "<group>"; };
		CBABE92E2ACB313C00103BB0 /* HomeView.swift */ = {isa = PBXFileReference; lastKnownFileType = sourcecode.swift; path = HomeView.swift; sourceTree = "<group>"; };
		CBAD45592C1582A7009D4EFF /* MapView.swift */ = {isa = PBXFileReference; lastKnownFileType = sourcecode.swift; path = MapView.swift; sourceTree = "<group>"; };
		CBAD455C2C158315009D4EFF /* BunchView.swift */ = {isa = PBXFileReference; lastKnownFileType = sourcecode.swift; path = BunchView.swift; sourceTree = "<group>"; };
		CBAD455F2C15841D009D4EFF /* ProfileView.swift */ = {isa = PBXFileReference; lastKnownFileType = sourcecode.swift; path = ProfileView.swift; sourceTree = "<group>"; };
		CBAD45682C15EBB1009D4EFF /* LocationModel.swift */ = {isa = PBXFileReference; lastKnownFileType = sourcecode.swift; path = LocationModel.swift; sourceTree = "<group>"; };
		CBAF77242C2D4CCD00F40F76 /* BunchStore.swift */ = {isa = PBXFileReference; lastKnownFileType = sourcecode.swift; path = BunchStore.swift; sourceTree = "<group>"; };
		CBAF77282C2D4E6700F40F76 /* ProfileStore.swift */ = {isa = PBXFileReference; lastKnownFileType = sourcecode.swift; path = ProfileStore.swift; sourceTree = "<group>"; };
		CBAF772C2C2D539400F40F76 /* DetailBunchStore.swift */ = {isa = PBXFileReference; lastKnownFileType = sourcecode.swift; path = DetailBunchStore.swift; sourceTree = "<group>"; };
		CBB21C972C16F273007E6AA2 /* MapRepresentableView.swift */ = {isa = PBXFileReference; lastKnownFileType = sourcecode.swift; path = MapRepresentableView.swift; sourceTree = "<group>"; };
		CBC3A4152C2BE5F900B62F82 /* HomeStore.swift */ = {isa = PBXFileReference; lastKnownFileType = sourcecode.swift; path = HomeStore.swift; sourceTree = "<group>"; };
		CBCA537F2C34312E00544CC5 /* Database.swift */ = {isa = PBXFileReference; lastKnownFileType = sourcecode.swift; path = Database.swift; sourceTree = "<group>"; };
		CBCA53812C34316A00544CC5 /* BunchDatabase.swift */ = {isa = PBXFileReference; lastKnownFileType = sourcecode.swift; path = BunchDatabase.swift; sourceTree = "<group>"; };
		CBF1787F2C3314D900C81F4A /* Sequence.swift */ = {isa = PBXFileReference; lastKnownFileType = sourcecode.swift; path = Sequence.swift; sourceTree = "<group>"; };
		CBFF75A32C34558B00B00CE9 /* MemoryDatabase.swift */ = {isa = PBXFileReference; lastKnownFileType = sourcecode.swift; path = MemoryDatabase.swift; sourceTree = "<group>"; };
/* End PBXFileReference section */

/* Begin PBXFrameworksBuildPhase section */
		CB9EF8CD2ABC633A00FDCE12 /* Frameworks */ = {
			isa = PBXFrameworksBuildPhase;
			buildActionMask = 2147483647;
			files = (
				CBC3A4122C2BE5CE00B62F82 /* ComposableArchitecture in Frameworks */,
				CBAD45562C151D6E009D4EFF /* CobyDS in Frameworks */,
			);
			runOnlyForDeploymentPostprocessing = 0;
		};
/* End PBXFrameworksBuildPhase section */

/* Begin PBXGroup section */
		CB09A5402C27EB1000CB8485 /* Setting */ = {
			isa = PBXGroup;
			children = (
				CB09A5412C27EBB900CB8485 /* SettingView.swift */,
				CB07E5A62C37AD5E00E78DD1 /* SettingStore.swift */,
			);
			path = Setting;
			sourceTree = "<group>";
		};
		CB09A5442C2B10A600CB8485 /* Domain */ = {
			isa = PBXGroup;
			children = (
				CB09A5472C2B114C00CB8485 /* Type */,
				CB9EF8E12ABC670100FDCE12 /* Model */,
			);
			path = Domain;
			sourceTree = "<group>";
		};
		CB09A5462C2B113200CB8485 /* SwiftData */ = {
			isa = PBXGroup;
			children = (
				CB4063B22C189B4B00654F89 /* Bunch.swift */,
				CBA038682ABF352F00BD74CF /* Memory.swift */,
			);
			path = SwiftData;
			sourceTree = "<group>";
		};
		CB09A5472C2B114C00CB8485 /* Type */ = {
			isa = PBXGroup;
			children = (
				CB09A5482C2B115800CB8485 /* MemoryType.swift */,
				CB9651EC2C385562009D13A6 /* PageType.swift */,
			);
			path = Type;
			sourceTree = "<group>";
		};
		CB0D58E62C1EE82100EFE3D3 /* Component */ = {
			isa = PBXGroup;
			children = (
				CB4063BB2C18A66200654F89 /* SetBunchMemoriesView.swift */,
				CB9651F42C387596009D13A6 /* SetBunchImageView.swift */,
			);
			path = Component;
			sourceTree = "<group>";
		};
		CB4063B52C18A1AD00654F89 /* Common */ = {
			isa = PBXGroup;
			children = (
				CB9651E62C384D31009D13A6 /* TagView.swift */,
				CB7629292C267DF700138186 /* EmptyMemoryView.swift */,
				CB76292B2C26898A00138186 /* EmptyBunchView.swift */,
				CB9651D92C3817A6009D13A6 /* DetailPhotosView.swift */,
				CB9651DB2C381842009D13A6 /* DetailHeaderView.swift */,
				CB9651EE2C3858A6009D13A6 /* PageBottomButtonView.swift */,
			);
			path = Common;
			sourceTree = "<group>";
		};
		CB4063B82C18A61200654F89 /* EditBunch */ = {
			isa = PBXGroup;
			children = (
				CB0D58E62C1EE82100EFE3D3 /* Component */,
				CB9651DD2C384AF9009D13A6 /* Pages */,
				CB0D58E92C1EE83B00EFE3D3 /* EditBunchView.swift */,
				CB4511F62C32933200B5FA02 /* EditBunchStore.swift */,
			);
			path = EditBunch;
			sourceTree = "<group>";
		};
		CB4195FF2C18B800003D958C /* DetailBunch */ = {
			isa = PBXGroup;
			children = (
				CB4196002C18B83E003D958C /* DetailBunchView.swift */,
				CBAF772C2C2D539400F40F76 /* DetailBunchStore.swift */,
			);
			path = DetailBunch;
			sourceTree = "<group>";
		};
		CB8836AF2C2BE79C0037CEC7 /* Mapper */ = {
			isa = PBXGroup;
			children = (
				CB8836B02C2BE7B90037CEC7 /* BunchMapper.swift */,
				CB8836B22C2BE80A0037CEC7 /* MemoryMapper.swift */,
				CB9D9FD02C36EA79003570F0 /* LocationMapper.swift */,
			);
			path = Mapper;
			sourceTree = "<group>";
		};
		CB9651DD2C384AF9009D13A6 /* Pages */ = {
			isa = PBXGroup;
			children = (
				CB9651F02C386F53009D13A6 /* EditBunchFirstPageView.swift */,
				CB9651F22C386F5B009D13A6 /* EditBunchSecondPageView.swift */,
			);
			path = Pages;
			sourceTree = "<group>";
		};
		CB9651DE2C384B4F009D13A6 /* Pages */ = {
			isa = PBXGroup;
			children = (
				CB9651DF2C384B6F009D13A6 /* EditMemoryFirstPageView.swift */,
				CB9651E12C384B79009D13A6 /* EditMemorySecondPageView.swift */,
			);
			path = Pages;
			sourceTree = "<group>";
		};
		CB9651E32C384BAB009D13A6 /* Component */ = {
			isa = PBXGroup;
			children = (
				CB9651E82C384E4E009D13A6 /* SetMemoryTypeView.swift */,
				CB9651E42C384BCB009D13A6 /* SetMemoryPhotosView.swift */,
				CB9651EA2C384F48009D13A6 /* SetMemoryContentView.swift */,
			);
			path = Component;
			sourceTree = "<group>";
		};
		CB96DE342ABF588900B01762 /* Resource */ = {
			isa = PBXGroup;
			children = (
				CB9EF9072ABC829F00FDCE12 /* Assets.xcassets */,
				CBF1787F2C3314D900C81F4A /* Sequence.swift */,
				CB4196082C19CF00003D958C /* UIImage+Assets.swift */,
			);
			path = Resource;
			sourceTree = "<group>";
		};
		CB9EF8C72ABC633A00FDCE12 = {
			isa = PBXGroup;
			children = (
				CB9EF8D22ABC633A00FDCE12 /* CobyHappiness */,
				CB9EF8D12ABC633A00FDCE12 /* Products */,
			);
			sourceTree = "<group>";
		};
		CB9EF8D12ABC633A00FDCE12 /* Products */ = {
			isa = PBXGroup;
			children = (
				CB9EF8D02ABC633A00FDCE12 /* CobyHappiness.app */,
			);
			name = Products;
			sourceTree = "<group>";
		};
		CB9EF8D22ABC633A00FDCE12 /* CobyHappiness */ = {
			isa = PBXGroup;
			children = (
				CB9651D82C3812F7009D13A6 /* CobyHappiness.entitlements */,
				CBFE3C472C1DFC0A000E3351 /* Data */,
				CB09A5442C2B10A600CB8485 /* Domain */,
				CB9EF8E22ABC670E00FDCE12 /* Presentation */,
				CB9EF8E42ABC672B00FDCE12 /* Supports */,
				CB96DE342ABF588900B01762 /* Resource */,
				CB9EF8D92ABC633B00FDCE12 /* Preview Content */,
			);
			path = CobyHappiness;
			sourceTree = "<group>";
		};
		CB9EF8D92ABC633B00FDCE12 /* Preview Content */ = {
			isa = PBXGroup;
			children = (
				CB9EF8DA2ABC633B00FDCE12 /* Preview Assets.xcassets */,
			);
			path = "Preview Content";
			sourceTree = "<group>";
		};
		CB9EF8E12ABC670100FDCE12 /* Model */ = {
			isa = PBXGroup;
			children = (
				CB8836AB2C2BE6AC0037CEC7 /* BunchModel.swift */,
				CB8836AD2C2BE6B10037CEC7 /* MemoryModel.swift */,
				CBAD45682C15EBB1009D4EFF /* LocationModel.swift */,
				CB2471002ADABBFC00EEA032 /* PlaceModel.swift */,
			);
			path = Model;
			sourceTree = "<group>";
		};
		CB9EF8E22ABC670E00FDCE12 /* Presentation */ = {
			isa = PBXGroup;
			children = (
				CB4063B52C18A1AD00654F89 /* Common */,
				CBABE92D2ACB313400103BB0 /* Home */,
				CBAB7F522ACD455200257778 /* DetailMemory */,
				CBABE9302ACB378500103BB0 /* EditMemory */,
				CBAD45582C15829C009D4EFF /* Map */,
				CBAD455B2C158308009D4EFF /* Bunch */,
				CB4195FF2C18B800003D958C /* DetailBunch */,
				CB4063B82C18A61200654F89 /* EditBunch */,
				CBAD455E2C158416009D4EFF /* Profile */,
				CB09A5402C27EB1000CB8485 /* Setting */,
			);
			path = Presentation;
			sourceTree = "<group>";
		};
		CB9EF8E42ABC672B00FDCE12 /* Supports */ = {
			isa = PBXGroup;
			children = (
				CB9EF8E52ABC673100FDCE12 /* Extensions */,
				CB96DE382ABF597600B01762 /* Info.plist */,
				CB9EF8D32ABC633A00FDCE12 /* CobyHappinessApp.swift */,
				CBAB7F4E2ACD402500257778 /* ContentView.swift */,
			);
			path = Supports;
			sourceTree = "<group>";
		};
		CB9EF8E52ABC673100FDCE12 /* Extensions */ = {
			isa = PBXGroup;
			children = (
				CB9EF8E62ABC674F00FDCE12 /* View+Extensions.swift */,
				CB9651F62C38FE15009D13A6 /* Date+Extensions.swift */,
			);
			path = Extensions;
			sourceTree = "<group>";
		};
		CBAB7F522ACD455200257778 /* DetailMemory */ = {
			isa = PBXGroup;
			children = (
				CBAB7F532ACD455E00257778 /* DetailMemoryView.swift */,
				CB8836B62C2BF76D0037CEC7 /* DetailMemoryStore.swift */,
			);
			path = DetailMemory;
			sourceTree = "<group>";
		};
		CBABE92D2ACB313400103BB0 /* Home */ = {
			isa = PBXGroup;
			children = (
				CBABE92E2ACB313C00103BB0 /* HomeView.swift */,
				CBC3A4152C2BE5F900B62F82 /* HomeStore.swift */,
			);
			path = Home;
			sourceTree = "<group>";
		};
		CBABE9302ACB378500103BB0 /* EditMemory */ = {
			isa = PBXGroup;
			children = (
				CB9651E32C384BAB009D13A6 /* Component */,
				CB9651DE2C384B4F009D13A6 /* Pages */,
				CB4063B02C1763EA00654F89 /* EditMemoryView.swift */,
				CB4511F82C32936200B5FA02 /* EditMemoryStore.swift */,
			);
			path = EditMemory;
			sourceTree = "<group>";
		};
		CBAD45582C15829C009D4EFF /* Map */ = {
			isa = PBXGroup;
			children = (
				CBBB793C2C174CD00003FD80 /* Component */,
				CBAD45592C1582A7009D4EFF /* MapView.swift */,
				CB7D46E22C2D3D5B001E5E32 /* MapStore.swift */,
			);
			path = Map;
			sourceTree = "<group>";
		};
		CBAD455B2C158308009D4EFF /* Bunch */ = {
			isa = PBXGroup;
			children = (
				CBAD455C2C158315009D4EFF /* BunchView.swift */,
				CBAF77242C2D4CCD00F40F76 /* BunchStore.swift */,
			);
			path = Bunch;
			sourceTree = "<group>";
		};
		CBAD455E2C158416009D4EFF /* Profile */ = {
			isa = PBXGroup;
			children = (
				CBAD455F2C15841D009D4EFF /* ProfileView.swift */,
				CBAF77282C2D4E6700F40F76 /* ProfileStore.swift */,
			);
			path = Profile;
			sourceTree = "<group>";
		};
		CBBB793C2C174CD00003FD80 /* Component */ = {
			isa = PBXGroup;
			children = (
				CBB21C972C16F273007E6AA2 /* MapRepresentableView.swift */,
			);
			path = Component;
			sourceTree = "<group>";
		};
		CBCA537E2C34311F00544CC5 /* Service */ = {
			isa = PBXGroup;
			children = (
				CBCA537F2C34312E00544CC5 /* Database.swift */,
				CBCA53812C34316A00544CC5 /* BunchDatabase.swift */,
				CBFF75A32C34558B00B00CE9 /* MemoryDatabase.swift */,
			);
			path = Service;
			sourceTree = "<group>";
		};
		CBFE3C472C1DFC0A000E3351 /* Data */ = {
			isa = PBXGroup;
			children = (
				CBCA537E2C34311F00544CC5 /* Service */,
				CB8836AF2C2BE79C0037CEC7 /* Mapper */,
				CB09A5462C2B113200CB8485 /* SwiftData */,
			);
			path = Data;
			sourceTree = "<group>";
		};
/* End PBXGroup section */

/* Begin PBXNativeTarget section */
		CB9EF8CF2ABC633A00FDCE12 /* CobyHappiness */ = {
			isa = PBXNativeTarget;
			buildConfigurationList = CB9EF8DE2ABC633B00FDCE12 /* Build configuration list for PBXNativeTarget "CobyHappiness" */;
			buildPhases = (
				CB9EF8CC2ABC633A00FDCE12 /* Sources */,
				CB9EF8CD2ABC633A00FDCE12 /* Frameworks */,
				CB9EF8CE2ABC633A00FDCE12 /* Resources */,
			);
			buildRules = (
			);
			dependencies = (
			);
			name = CobyHappiness;
			packageProductDependencies = (
				CBAD45552C151D6E009D4EFF /* CobyDS */,
				CBC3A4112C2BE5CE00B62F82 /* ComposableArchitecture */,
			);
			productName = CobyHappiness;
			productReference = CB9EF8D02ABC633A00FDCE12 /* CobyHappiness.app */;
			productType = "com.apple.product-type.application";
		};
/* End PBXNativeTarget section */

/* Begin PBXProject section */
		CB9EF8C82ABC633A00FDCE12 /* Project object */ = {
			isa = PBXProject;
			attributes = {
				BuildIndependentTargetsInParallel = 1;
				LastSwiftUpdateCheck = 1500;
				LastUpgradeCheck = 1500;
				TargetAttributes = {
					CB9EF8CF2ABC633A00FDCE12 = {
						CreatedOnToolsVersion = 15.0;
					};
				};
			};
			buildConfigurationList = CB9EF8CB2ABC633A00FDCE12 /* Build configuration list for PBXProject "CobyHappiness" */;
			compatibilityVersion = "Xcode 14.0";
			developmentRegion = en;
			hasScannedForEncodings = 0;
			knownRegions = (
				en,
				Base,
			);
			mainGroup = CB9EF8C72ABC633A00FDCE12;
			packageReferences = (
				CBAD45542C151D6E009D4EFF /* XCRemoteSwiftPackageReference "CobyDS" */,
				CBC3A4102C2BE5CE00B62F82 /* XCRemoteSwiftPackageReference "swift-composable-architecture" */,
			);
			productRefGroup = CB9EF8D12ABC633A00FDCE12 /* Products */;
			projectDirPath = "";
			projectRoot = "";
			targets = (
				CB9EF8CF2ABC633A00FDCE12 /* CobyHappiness */,
			);
		};
/* End PBXProject section */

/* Begin PBXResourcesBuildPhase section */
		CB9EF8CE2ABC633A00FDCE12 /* Resources */ = {
			isa = PBXResourcesBuildPhase;
			buildActionMask = 2147483647;
			files = (
				CB9EF9082ABC829F00FDCE12 /* Assets.xcassets in Resources */,
				CB9EF8DB2ABC633B00FDCE12 /* Preview Assets.xcassets in Resources */,
			);
			runOnlyForDeploymentPostprocessing = 0;
		};
/* End PBXResourcesBuildPhase section */

/* Begin PBXSourcesBuildPhase section */
		CB9EF8CC2ABC633A00FDCE12 /* Sources */ = {
			isa = PBXSourcesBuildPhase;
			buildActionMask = 2147483647;
			files = (
				CB07E5A72C37AD5E00E78DD1 /* SettingStore.swift in Sources */,
				CB9651E52C384BCB009D13A6 /* SetMemoryPhotosView.swift in Sources */,
				CB8836AC2C2BE6AC0037CEC7 /* BunchModel.swift in Sources */,
				CB4511F72C32933200B5FA02 /* EditBunchStore.swift in Sources */,
				CB9651ED2C385562009D13A6 /* PageType.swift in Sources */,
				CBB21C982C16F273007E6AA2 /* MapRepresentableView.swift in Sources */,
				CB4063B32C189B4B00654F89 /* Bunch.swift in Sources */,
				CBA038692ABF352F00BD74CF /* Memory.swift in Sources */,
				CBFF75A42C34558B00B00CE9 /* MemoryDatabase.swift in Sources */,
				CB9651E72C384D31009D13A6 /* TagView.swift in Sources */,
				CB8836B72C2BF76E0037CEC7 /* DetailMemoryStore.swift in Sources */,
				CB9651EF2C3858A6009D13A6 /* PageBottomButtonView.swift in Sources */,
				CB9651F32C386F5B009D13A6 /* EditBunchSecondPageView.swift in Sources */,
				CBCA53822C34316A00544CC5 /* BunchDatabase.swift in Sources */,
				CBAB7F542ACD455E00257778 /* DetailMemoryView.swift in Sources */,
				CB76292C2C26898A00138186 /* EmptyBunchView.swift in Sources */,
				CB4196092C19CF00003D958C /* UIImage+Assets.swift in Sources */,
				CBAD455D2C158315009D4EFF /* BunchView.swift in Sources */,
				CB76292A2C267DF700138186 /* EmptyMemoryView.swift in Sources */,
				CBAD45602C15841D009D4EFF /* ProfileView.swift in Sources */,
				CB09A5492C2B115800CB8485 /* MemoryType.swift in Sources */,
				CBAD45692C15EBB1009D4EFF /* LocationModel.swift in Sources */,
				CB9651DA2C3817A6009D13A6 /* DetailPhotosView.swift in Sources */,
				CB9651F72C38FE15009D13A6 /* Date+Extensions.swift in Sources */,
				CB4063BC2C18A66200654F89 /* SetBunchMemoriesView.swift in Sources */,
				CB8836AE2C2BE6B10037CEC7 /* MemoryModel.swift in Sources */,
				CBAD455A2C1582A7009D4EFF /* MapView.swift in Sources */,
				CB7D46E32C2D3D5B001E5E32 /* MapStore.swift in Sources */,
				CB4511F92C32936200B5FA02 /* EditMemoryStore.swift in Sources */,
				CB9651DC2C381842009D13A6 /* DetailHeaderView.swift in Sources */,
				CBF178802C3314D900C81F4A /* Sequence.swift in Sources */,
				CB9651EB2C384F48009D13A6 /* SetMemoryContentView.swift in Sources */,
				CB9651E92C384E4E009D13A6 /* SetMemoryTypeView.swift in Sources */,
				CB9EF8E72ABC674F00FDCE12 /* View+Extensions.swift in Sources */,
				CB8836B12C2BE7B90037CEC7 /* BunchMapper.swift in Sources */,
				CB9651E02C384B6F009D13A6 /* EditMemoryFirstPageView.swift in Sources */,
				CB4196012C18B83E003D958C /* DetailBunchView.swift in Sources */,
				CB9651E22C384B79009D13A6 /* EditMemorySecondPageView.swift in Sources */,
				CBABE92F2ACB313C00103BB0 /* HomeView.swift in Sources */,
				CBAB7F4F2ACD402500257778 /* ContentView.swift in Sources */,
				CBCA53802C34312E00544CC5 /* Database.swift in Sources */,
				CB9651F52C387597009D13A6 /* SetBunchImageView.swift in Sources */,
				CB9D9FD12C36EA79003570F0 /* LocationMapper.swift in Sources */,
				CBC3A4162C2BE5F900B62F82 /* HomeStore.swift in Sources */,
				CBAF77252C2D4CCD00F40F76 /* BunchStore.swift in Sources */,
				CB9EF8D42ABC633A00FDCE12 /* CobyHappinessApp.swift in Sources */,
				CB2471012ADABBFC00EEA032 /* PlaceModel.swift in Sources */,
				CB9651F12C386F53009D13A6 /* EditBunchFirstPageView.swift in Sources */,
				CB0D58EA2C1EE83B00EFE3D3 /* EditBunchView.swift in Sources */,
				CB09A5422C27EBB900CB8485 /* SettingView.swift in Sources */,
				CBAF77292C2D4E6700F40F76 /* ProfileStore.swift in Sources */,
				CBAF772D2C2D539400F40F76 /* DetailBunchStore.swift in Sources */,
				CB8836B32C2BE80A0037CEC7 /* MemoryMapper.swift in Sources */,
				CB4063B12C1763EA00654F89 /* EditMemoryView.swift in Sources */,
			);
			runOnlyForDeploymentPostprocessing = 0;
		};
/* End PBXSourcesBuildPhase section */

/* Begin XCBuildConfiguration section */
		CB9EF8DC2ABC633B00FDCE12 /* Debug */ = {
			isa = XCBuildConfiguration;
			buildSettings = {
				ALWAYS_SEARCH_USER_PATHS = NO;
				ASSETCATALOG_COMPILER_GENERATE_SWIFT_ASSET_SYMBOL_EXTENSIONS = YES;
				CLANG_ANALYZER_NONNULL = YES;
				CLANG_ANALYZER_NUMBER_OBJECT_CONVERSION = YES_AGGRESSIVE;
				CLANG_CXX_LANGUAGE_STANDARD = "gnu++20";
				CLANG_ENABLE_MODULES = YES;
				CLANG_ENABLE_OBJC_ARC = YES;
				CLANG_ENABLE_OBJC_WEAK = YES;
				CLANG_WARN_BLOCK_CAPTURE_AUTORELEASING = YES;
				CLANG_WARN_BOOL_CONVERSION = YES;
				CLANG_WARN_COMMA = YES;
				CLANG_WARN_CONSTANT_CONVERSION = YES;
				CLANG_WARN_DEPRECATED_OBJC_IMPLEMENTATIONS = YES;
				CLANG_WARN_DIRECT_OBJC_ISA_USAGE = YES_ERROR;
				CLANG_WARN_DOCUMENTATION_COMMENTS = YES;
				CLANG_WARN_EMPTY_BODY = YES;
				CLANG_WARN_ENUM_CONVERSION = YES;
				CLANG_WARN_INFINITE_RECURSION = YES;
				CLANG_WARN_INT_CONVERSION = YES;
				CLANG_WARN_NON_LITERAL_NULL_CONVERSION = YES;
				CLANG_WARN_OBJC_IMPLICIT_RETAIN_SELF = YES;
				CLANG_WARN_OBJC_LITERAL_CONVERSION = YES;
				CLANG_WARN_OBJC_ROOT_CLASS = YES_ERROR;
				CLANG_WARN_QUOTED_INCLUDE_IN_FRAMEWORK_HEADER = YES;
				CLANG_WARN_RANGE_LOOP_ANALYSIS = YES;
				CLANG_WARN_STRICT_PROTOTYPES = YES;
				CLANG_WARN_SUSPICIOUS_MOVE = YES;
				CLANG_WARN_UNGUARDED_AVAILABILITY = YES_AGGRESSIVE;
				CLANG_WARN_UNREACHABLE_CODE = YES;
				CLANG_WARN__DUPLICATE_METHOD_MATCH = YES;
				COPY_PHASE_STRIP = NO;
				DEBUG_INFORMATION_FORMAT = dwarf;
				ENABLE_STRICT_OBJC_MSGSEND = YES;
				ENABLE_TESTABILITY = YES;
				ENABLE_USER_SCRIPT_SANDBOXING = YES;
				GCC_C_LANGUAGE_STANDARD = gnu17;
				GCC_DYNAMIC_NO_PIC = NO;
				GCC_NO_COMMON_BLOCKS = YES;
				GCC_OPTIMIZATION_LEVEL = 0;
				GCC_PREPROCESSOR_DEFINITIONS = (
					"DEBUG=1",
					"$(inherited)",
				);
				GCC_WARN_64_TO_32_BIT_CONVERSION = YES;
				GCC_WARN_ABOUT_RETURN_TYPE = YES_ERROR;
				GCC_WARN_UNDECLARED_SELECTOR = YES;
				GCC_WARN_UNINITIALIZED_AUTOS = YES_AGGRESSIVE;
				GCC_WARN_UNUSED_FUNCTION = YES;
				GCC_WARN_UNUSED_VARIABLE = YES;
				INFOPLIST_KEY_CFBundleDisplayName = Happy;
				IPHONEOS_DEPLOYMENT_TARGET = 17.0;
				LOCALIZATION_PREFERS_STRING_CATALOGS = YES;
				MTL_ENABLE_DEBUG_INFO = INCLUDE_SOURCE;
				MTL_FAST_MATH = YES;
				ONLY_ACTIVE_ARCH = YES;
				SDKROOT = iphoneos;
				SWIFT_ACTIVE_COMPILATION_CONDITIONS = "DEBUG $(inherited)";
				SWIFT_OPTIMIZATION_LEVEL = "-Onone";
			};
			name = Debug;
		};
		CB9EF8DD2ABC633B00FDCE12 /* Release */ = {
			isa = XCBuildConfiguration;
			buildSettings = {
				ALWAYS_SEARCH_USER_PATHS = NO;
				ASSETCATALOG_COMPILER_GENERATE_SWIFT_ASSET_SYMBOL_EXTENSIONS = YES;
				CLANG_ANALYZER_NONNULL = YES;
				CLANG_ANALYZER_NUMBER_OBJECT_CONVERSION = YES_AGGRESSIVE;
				CLANG_CXX_LANGUAGE_STANDARD = "gnu++20";
				CLANG_ENABLE_MODULES = YES;
				CLANG_ENABLE_OBJC_ARC = YES;
				CLANG_ENABLE_OBJC_WEAK = YES;
				CLANG_WARN_BLOCK_CAPTURE_AUTORELEASING = YES;
				CLANG_WARN_BOOL_CONVERSION = YES;
				CLANG_WARN_COMMA = YES;
				CLANG_WARN_CONSTANT_CONVERSION = YES;
				CLANG_WARN_DEPRECATED_OBJC_IMPLEMENTATIONS = YES;
				CLANG_WARN_DIRECT_OBJC_ISA_USAGE = YES_ERROR;
				CLANG_WARN_DOCUMENTATION_COMMENTS = YES;
				CLANG_WARN_EMPTY_BODY = YES;
				CLANG_WARN_ENUM_CONVERSION = YES;
				CLANG_WARN_INFINITE_RECURSION = YES;
				CLANG_WARN_INT_CONVERSION = YES;
				CLANG_WARN_NON_LITERAL_NULL_CONVERSION = YES;
				CLANG_WARN_OBJC_IMPLICIT_RETAIN_SELF = YES;
				CLANG_WARN_OBJC_LITERAL_CONVERSION = YES;
				CLANG_WARN_OBJC_ROOT_CLASS = YES_ERROR;
				CLANG_WARN_QUOTED_INCLUDE_IN_FRAMEWORK_HEADER = YES;
				CLANG_WARN_RANGE_LOOP_ANALYSIS = YES;
				CLANG_WARN_STRICT_PROTOTYPES = YES;
				CLANG_WARN_SUSPICIOUS_MOVE = YES;
				CLANG_WARN_UNGUARDED_AVAILABILITY = YES_AGGRESSIVE;
				CLANG_WARN_UNREACHABLE_CODE = YES;
				CLANG_WARN__DUPLICATE_METHOD_MATCH = YES;
				COPY_PHASE_STRIP = NO;
				DEBUG_INFORMATION_FORMAT = "dwarf-with-dsym";
				ENABLE_NS_ASSERTIONS = NO;
				ENABLE_STRICT_OBJC_MSGSEND = YES;
				ENABLE_USER_SCRIPT_SANDBOXING = YES;
				GCC_C_LANGUAGE_STANDARD = gnu17;
				GCC_NO_COMMON_BLOCKS = YES;
				GCC_WARN_64_TO_32_BIT_CONVERSION = YES;
				GCC_WARN_ABOUT_RETURN_TYPE = YES_ERROR;
				GCC_WARN_UNDECLARED_SELECTOR = YES;
				GCC_WARN_UNINITIALIZED_AUTOS = YES_AGGRESSIVE;
				GCC_WARN_UNUSED_FUNCTION = YES;
				GCC_WARN_UNUSED_VARIABLE = YES;
				INFOPLIST_KEY_CFBundleDisplayName = Happy;
				IPHONEOS_DEPLOYMENT_TARGET = 17.0;
				LOCALIZATION_PREFERS_STRING_CATALOGS = YES;
				MTL_ENABLE_DEBUG_INFO = NO;
				MTL_FAST_MATH = YES;
				SDKROOT = iphoneos;
				SWIFT_COMPILATION_MODE = wholemodule;
				VALIDATE_PRODUCT = YES;
			};
			name = Release;
		};
		CB9EF8DF2ABC633B00FDCE12 /* Debug */ = {
			isa = XCBuildConfiguration;
			buildSettings = {
				ASSETCATALOG_COMPILER_APPICON_NAME = AppIcon;
				ASSETCATALOG_COMPILER_GLOBAL_ACCENT_COLOR_NAME = AccentColor;
				CODE_SIGN_ENTITLEMENTS = CobyHappiness/CobyHappiness.entitlements;
				CODE_SIGN_STYLE = Automatic;
				CURRENT_PROJECT_VERSION = 1;
				DEVELOPMENT_ASSET_PATHS = "\"CobyHappiness/Preview Content\"";
				DEVELOPMENT_TEAM = 3Y8YH8GWMM;
				ENABLE_PREVIEWS = YES;
				GENERATE_INFOPLIST_FILE = YES;
				INFOPLIST_FILE = CobyHappiness/Supports/Info.plist;
				INFOPLIST_KEY_CFBundleDisplayName = Happy;
				INFOPLIST_KEY_LSApplicationCategoryType = "public.app-category.lifestyle";
				INFOPLIST_KEY_NSLocationAlwaysAndWhenInUseUsageDescription = "";
				INFOPLIST_KEY_NSLocationWhenInUseUsageDescription = "We need your permission to access your location data.";
				INFOPLIST_KEY_NSPhotoLibraryUsageDescription = "We need your permission to access the photo library.";
				INFOPLIST_KEY_UIApplicationSceneManifest_Generation = YES;
				INFOPLIST_KEY_UIApplicationSupportsIndirectInputEvents = YES;
				INFOPLIST_KEY_UILaunchScreen_Generation = YES;
				INFOPLIST_KEY_UISupportedInterfaceOrientations = UIInterfaceOrientationPortrait;
				INFOPLIST_KEY_UISupportedInterfaceOrientations_iPad = "UIInterfaceOrientationLandscapeLeft UIInterfaceOrientationLandscapeRight UIInterfaceOrientationPortrait UIInterfaceOrientationPortraitUpsideDown";
				IPHONEOS_DEPLOYMENT_TARGET = 17.0;
				LD_RUNPATH_SEARCH_PATHS = (
					"$(inherited)",
					"@executable_path/Frameworks",
				);
				MARKETING_VERSION = 1.0;
				PRODUCT_BUNDLE_IDENTIFIER = com.coby.CobyHappiness;
				PRODUCT_NAME = "$(TARGET_NAME)";
				SWIFT_EMIT_LOC_STRINGS = YES;
				SWIFT_VERSION = 5.0;
				TARGETED_DEVICE_FAMILY = "1,2";
			};
			name = Debug;
		};
		CB9EF8E02ABC633B00FDCE12 /* Release */ = {
			isa = XCBuildConfiguration;
			buildSettings = {
				ASSETCATALOG_COMPILER_APPICON_NAME = AppIcon;
				ASSETCATALOG_COMPILER_GLOBAL_ACCENT_COLOR_NAME = AccentColor;
				CODE_SIGN_ENTITLEMENTS = CobyHappiness/CobyHappiness.entitlements;
				CODE_SIGN_STYLE = Automatic;
				CURRENT_PROJECT_VERSION = 1;
				DEVELOPMENT_ASSET_PATHS = "\"CobyHappiness/Preview Content\"";
				DEVELOPMENT_TEAM = 3Y8YH8GWMM;
				ENABLE_PREVIEWS = YES;
				GENERATE_INFOPLIST_FILE = YES;
				INFOPLIST_FILE = CobyHappiness/Supports/Info.plist;
				INFOPLIST_KEY_CFBundleDisplayName = Happy;
				INFOPLIST_KEY_LSApplicationCategoryType = "public.app-category.lifestyle";
				INFOPLIST_KEY_NSLocationAlwaysAndWhenInUseUsageDescription = "";
				INFOPLIST_KEY_NSLocationWhenInUseUsageDescription = "We need your permission to access your location data.";
				INFOPLIST_KEY_NSPhotoLibraryUsageDescription = "We need your permission to access the photo library.";
				INFOPLIST_KEY_UIApplicationSceneManifest_Generation = YES;
				INFOPLIST_KEY_UIApplicationSupportsIndirectInputEvents = YES;
				INFOPLIST_KEY_UILaunchScreen_Generation = YES;
				INFOPLIST_KEY_UISupportedInterfaceOrientations = UIInterfaceOrientationPortrait;
				INFOPLIST_KEY_UISupportedInterfaceOrientations_iPad = "UIInterfaceOrientationLandscapeLeft UIInterfaceOrientationLandscapeRight UIInterfaceOrientationPortrait UIInterfaceOrientationPortraitUpsideDown";
				IPHONEOS_DEPLOYMENT_TARGET = 17.0;
				LD_RUNPATH_SEARCH_PATHS = (
					"$(inherited)",
					"@executable_path/Frameworks",
				);
				MARKETING_VERSION = 1.0;
				PRODUCT_BUNDLE_IDENTIFIER = com.coby.CobyHappiness;
				PRODUCT_NAME = "$(TARGET_NAME)";
				SWIFT_EMIT_LOC_STRINGS = YES;
				SWIFT_VERSION = 5.0;
				TARGETED_DEVICE_FAMILY = "1,2";
			};
			name = Release;
		};
/* End XCBuildConfiguration section */

/* Begin XCConfigurationList section */
		CB9EF8CB2ABC633A00FDCE12 /* Build configuration list for PBXProject "CobyHappiness" */ = {
			isa = XCConfigurationList;
			buildConfigurations = (
				CB9EF8DC2ABC633B00FDCE12 /* Debug */,
				CB9EF8DD2ABC633B00FDCE12 /* Release */,
			);
			defaultConfigurationIsVisible = 0;
			defaultConfigurationName = Release;
		};
		CB9EF8DE2ABC633B00FDCE12 /* Build configuration list for PBXNativeTarget "CobyHappiness" */ = {
			isa = XCConfigurationList;
			buildConfigurations = (
				CB9EF8DF2ABC633B00FDCE12 /* Debug */,
				CB9EF8E02ABC633B00FDCE12 /* Release */,
			);
			defaultConfigurationIsVisible = 0;
			defaultConfigurationName = Release;
		};
/* End XCConfigurationList section */

/* Begin XCRemoteSwiftPackageReference section */
		CBAD45542C151D6E009D4EFF /* XCRemoteSwiftPackageReference "CobyDS" */ = {
			isa = XCRemoteSwiftPackageReference;
			repositoryURL = "https://github.com/CobyLibrary/CobyDS.git";
			requirement = {
				kind = exactVersion;
				version = 1.5.1;
			};
		};
		CBC3A4102C2BE5CE00B62F82 /* XCRemoteSwiftPackageReference "swift-composable-architecture" */ = {
			isa = XCRemoteSwiftPackageReference;
			repositoryURL = "https://github.com/pointfreeco/swift-composable-architecture.git";
			requirement = {
				kind = upToNextMajorVersion;
				minimumVersion = 1.11.2;
			};
		};
/* End XCRemoteSwiftPackageReference section */

/* Begin XCSwiftPackageProductDependency section */
		CBAD45552C151D6E009D4EFF /* CobyDS */ = {
			isa = XCSwiftPackageProductDependency;
			package = CBAD45542C151D6E009D4EFF /* XCRemoteSwiftPackageReference "CobyDS" */;
			productName = CobyDS;
		};
		CBC3A4112C2BE5CE00B62F82 /* ComposableArchitecture */ = {
			isa = XCSwiftPackageProductDependency;
			package = CBC3A4102C2BE5CE00B62F82 /* XCRemoteSwiftPackageReference "swift-composable-architecture" */;
			productName = ComposableArchitecture;
		};
/* End XCSwiftPackageProductDependency section */
	};
	rootObject = CB9EF8C82ABC633A00FDCE12 /* Project object */;
}
