// !$*UTF8*$!
{
	archiveVersion = 1;
	classes = {
	};
	objectVersion = 56;
	objects = {

/* Begin PBXBuildFile section */
		CB0D58E52C1E183300EFE3D3 /* EditBunchViewModel.swift in Sources */ = {isa = PBXBuildFile; fileRef = CB0D58E42C1E183300EFE3D3 /* EditBunchViewModel.swift */; };
		CB0D58E82C1EE83000EFE3D3 /* EditBunchContentView.swift in Sources */ = {isa = PBXBuildFile; fileRef = CB0D58E72C1EE83000EFE3D3 /* EditBunchContentView.swift */; };
		CB0D58EA2C1EE83B00EFE3D3 /* EditBunchPageView.swift in Sources */ = {isa = PBXBuildFile; fileRef = CB0D58E92C1EE83B00EFE3D3 /* EditBunchPageView.swift */; };
		CB0D58EC2C21C5A400EFE3D3 /* ProfileViewModel.swift in Sources */ = {isa = PBXBuildFile; fileRef = CB0D58EB2C21C5A400EFE3D3 /* ProfileViewModel.swift */; };
		CB0D58EE2C21CB7200EFE3D3 /* AppViewModel.swift in Sources */ = {isa = PBXBuildFile; fileRef = CB0D58ED2C21CB7200EFE3D3 /* AppViewModel.swift */; };
		CB2471012ADABBFC00EEA032 /* Place.swift in Sources */ = {isa = PBXBuildFile; fileRef = CB2471002ADABBFC00EEA032 /* Place.swift */; };
		CB4063AD2C1761A300654F89 /* ImagePickerView.swift in Sources */ = {isa = PBXBuildFile; fileRef = CB4063AC2C1761A300654F89 /* ImagePickerView.swift */; };
		CB4063AF2C1762EB00654F89 /* EditMemoryPageView.swift in Sources */ = {isa = PBXBuildFile; fileRef = CB4063AE2C1762EB00654F89 /* EditMemoryPageView.swift */; };
		CB4063B12C1763EA00654F89 /* EditMemoryContentView.swift in Sources */ = {isa = PBXBuildFile; fileRef = CB4063B02C1763EA00654F89 /* EditMemoryContentView.swift */; };
		CB4063B32C189B4B00654F89 /* Bunch.swift in Sources */ = {isa = PBXBuildFile; fileRef = CB4063B22C189B4B00654F89 /* Bunch.swift */; };
		CB4063B72C18A1C200654F89 /* MemoryTileView.swift in Sources */ = {isa = PBXBuildFile; fileRef = CB4063B62C18A1C200654F89 /* MemoryTileView.swift */; };
		CB4063BC2C18A66200654F89 /* SelectMemoriesView.swift in Sources */ = {isa = PBXBuildFile; fileRef = CB4063BB2C18A66200654F89 /* SelectMemoriesView.swift */; };
		CB4196012C18B83E003D958C /* BunchDetailView.swift in Sources */ = {isa = PBXBuildFile; fileRef = CB4196002C18B83E003D958C /* BunchDetailView.swift */; };
		CB4196092C19CF00003D958C /* UIImage+Assets.swift in Sources */ = {isa = PBXBuildFile; fileRef = CB4196082C19CF00003D958C /* UIImage+Assets.swift */; };
		CB41960B2C19D19B003D958C /* Data+Extensions.swift in Sources */ = {isa = PBXBuildFile; fileRef = CB41960A2C19D19B003D958C /* Data+Extensions.swift */; };
		CB41960D2C1DF10E003D958C /* HomeViewModel.swift in Sources */ = {isa = PBXBuildFile; fileRef = CB41960C2C1DF10E003D958C /* HomeViewModel.swift */; };
		CB41960F2C1DF2F7003D958C /* MapViewModel.swift in Sources */ = {isa = PBXBuildFile; fileRef = CB41960E2C1DF2F7003D958C /* MapViewModel.swift */; };
		CB4196112C1DF685003D958C /* BunchViewModel.swift in Sources */ = {isa = PBXBuildFile; fileRef = CB4196102C1DF685003D958C /* BunchViewModel.swift */; };
		CB4196152C1DF821003D958C /* MemoryDetailViewModel.swift in Sources */ = {isa = PBXBuildFile; fileRef = CB4196142C1DF821003D958C /* MemoryDetailViewModel.swift */; };
		CB9EF8D42ABC633A00FDCE12 /* CobyHappinessApp.swift in Sources */ = {isa = PBXBuildFile; fileRef = CB9EF8D32ABC633A00FDCE12 /* CobyHappinessApp.swift */; };
		CB9EF8DB2ABC633B00FDCE12 /* Preview Assets.xcassets in Resources */ = {isa = PBXBuildFile; fileRef = CB9EF8DA2ABC633B00FDCE12 /* Preview Assets.xcassets */; };
		CB9EF8E72ABC674F00FDCE12 /* View+Extensions.swift in Sources */ = {isa = PBXBuildFile; fileRef = CB9EF8E62ABC674F00FDCE12 /* View+Extensions.swift */; };
		CB9EF9082ABC829F00FDCE12 /* Assets.xcassets in Resources */ = {isa = PBXBuildFile; fileRef = CB9EF9072ABC829F00FDCE12 /* Assets.xcassets */; };
		CBA038692ABF352F00BD74CF /* Memory.swift in Sources */ = {isa = PBXBuildFile; fileRef = CBA038682ABF352F00BD74CF /* Memory.swift */; };
		CBAB7F4F2ACD402500257778 /* ContentView.swift in Sources */ = {isa = PBXBuildFile; fileRef = CBAB7F4E2ACD402500257778 /* ContentView.swift */; };
		CBAB7F542ACD455E00257778 /* MemoryDetailView.swift in Sources */ = {isa = PBXBuildFile; fileRef = CBAB7F532ACD455E00257778 /* MemoryDetailView.swift */; };
		CBABE92F2ACB313C00103BB0 /* HomeView.swift in Sources */ = {isa = PBXBuildFile; fileRef = CBABE92E2ACB313C00103BB0 /* HomeView.swift */; };
		CBAD45562C151D6E009D4EFF /* CobyDS in Frameworks */ = {isa = PBXBuildFile; productRef = CBAD45552C151D6E009D4EFF /* CobyDS */; };
		CBAD455A2C1582A7009D4EFF /* MapView.swift in Sources */ = {isa = PBXBuildFile; fileRef = CBAD45592C1582A7009D4EFF /* MapView.swift */; };
		CBAD455D2C158315009D4EFF /* BunchView.swift in Sources */ = {isa = PBXBuildFile; fileRef = CBAD455C2C158315009D4EFF /* BunchView.swift */; };
		CBAD45602C15841D009D4EFF /* ProfileView.swift in Sources */ = {isa = PBXBuildFile; fileRef = CBAD455F2C15841D009D4EFF /* ProfileView.swift */; };
		CBAD45692C15EBB1009D4EFF /* Location.swift in Sources */ = {isa = PBXBuildFile; fileRef = CBAD45682C15EBB1009D4EFF /* Location.swift */; };
		CBB21C982C16F273007E6AA2 /* MapRepresentableView.swift in Sources */ = {isa = PBXBuildFile; fileRef = CBB21C972C16F273007E6AA2 /* MapRepresentableView.swift */; };
		CBFE3C492C1DFC15000E3351 /* ItemDataSource.swift in Sources */ = {isa = PBXBuildFile; fileRef = CBFE3C482C1DFC15000E3351 /* ItemDataSource.swift */; };
		CBFE3C4B2C1E0022000E3351 /* BunchDetailViewModel.swift in Sources */ = {isa = PBXBuildFile; fileRef = CBFE3C4A2C1E0022000E3351 /* BunchDetailViewModel.swift */; };
		CBFE3C4D2C1E00BD000E3351 /* EditMemoryViewModel.swift in Sources */ = {isa = PBXBuildFile; fileRef = CBFE3C4C2C1E00BD000E3351 /* EditMemoryViewModel.swift */; };
/* End PBXBuildFile section */

/* Begin PBXFileReference section */
		CB0D58E42C1E183300EFE3D3 /* EditBunchViewModel.swift */ = {isa = PBXFileReference; lastKnownFileType = sourcecode.swift; path = EditBunchViewModel.swift; sourceTree = "<group>"; };
		CB0D58E72C1EE83000EFE3D3 /* EditBunchContentView.swift */ = {isa = PBXFileReference; lastKnownFileType = sourcecode.swift; path = EditBunchContentView.swift; sourceTree = "<group>"; };
		CB0D58E92C1EE83B00EFE3D3 /* EditBunchPageView.swift */ = {isa = PBXFileReference; lastKnownFileType = sourcecode.swift; path = EditBunchPageView.swift; sourceTree = "<group>"; };
		CB0D58EB2C21C5A400EFE3D3 /* ProfileViewModel.swift */ = {isa = PBXFileReference; lastKnownFileType = sourcecode.swift; path = ProfileViewModel.swift; sourceTree = "<group>"; };
		CB0D58ED2C21CB7200EFE3D3 /* AppViewModel.swift */ = {isa = PBXFileReference; lastKnownFileType = sourcecode.swift; path = AppViewModel.swift; sourceTree = "<group>"; };
		CB2471002ADABBFC00EEA032 /* Place.swift */ = {isa = PBXFileReference; lastKnownFileType = sourcecode.swift; path = Place.swift; sourceTree = "<group>"; };
		CB4063AC2C1761A300654F89 /* ImagePickerView.swift */ = {isa = PBXFileReference; lastKnownFileType = sourcecode.swift; path = ImagePickerView.swift; sourceTree = "<group>"; };
		CB4063AE2C1762EB00654F89 /* EditMemoryPageView.swift */ = {isa = PBXFileReference; lastKnownFileType = sourcecode.swift; path = EditMemoryPageView.swift; sourceTree = "<group>"; };
		CB4063B02C1763EA00654F89 /* EditMemoryContentView.swift */ = {isa = PBXFileReference; lastKnownFileType = sourcecode.swift; path = EditMemoryContentView.swift; sourceTree = "<group>"; };
		CB4063B22C189B4B00654F89 /* Bunch.swift */ = {isa = PBXFileReference; lastKnownFileType = sourcecode.swift; path = Bunch.swift; sourceTree = "<group>"; };
		CB4063B62C18A1C200654F89 /* MemoryTileView.swift */ = {isa = PBXFileReference; lastKnownFileType = sourcecode.swift; path = MemoryTileView.swift; sourceTree = "<group>"; };
		CB4063BB2C18A66200654F89 /* SelectMemoriesView.swift */ = {isa = PBXFileReference; lastKnownFileType = sourcecode.swift; path = SelectMemoriesView.swift; sourceTree = "<group>"; };
		CB4196002C18B83E003D958C /* BunchDetailView.swift */ = {isa = PBXFileReference; lastKnownFileType = sourcecode.swift; path = BunchDetailView.swift; sourceTree = "<group>"; };
		CB4196082C19CF00003D958C /* UIImage+Assets.swift */ = {isa = PBXFileReference; lastKnownFileType = sourcecode.swift; path = "UIImage+Assets.swift"; sourceTree = "<group>"; };
		CB41960A2C19D19B003D958C /* Data+Extensions.swift */ = {isa = PBXFileReference; lastKnownFileType = sourcecode.swift; path = "Data+Extensions.swift"; sourceTree = "<group>"; };
		CB41960C2C1DF10E003D958C /* HomeViewModel.swift */ = {isa = PBXFileReference; lastKnownFileType = sourcecode.swift; path = HomeViewModel.swift; sourceTree = "<group>"; };
		CB41960E2C1DF2F7003D958C /* MapViewModel.swift */ = {isa = PBXFileReference; lastKnownFileType = sourcecode.swift; path = MapViewModel.swift; sourceTree = "<group>"; };
		CB4196102C1DF685003D958C /* BunchViewModel.swift */ = {isa = PBXFileReference; lastKnownFileType = sourcecode.swift; path = BunchViewModel.swift; sourceTree = "<group>"; };
		CB4196142C1DF821003D958C /* MemoryDetailViewModel.swift */ = {isa = PBXFileReference; lastKnownFileType = sourcecode.swift; path = MemoryDetailViewModel.swift; sourceTree = "<group>"; };
		CB96DE382ABF597600B01762 /* Info.plist */ = {isa = PBXFileReference; lastKnownFileType = text.plist.xml; path = Info.plist; sourceTree = "<group>"; };
		CB9EF8D02ABC633A00FDCE12 /* CobyHappiness.app */ = {isa = PBXFileReference; explicitFileType = wrapper.application; includeInIndex = 0; path = CobyHappiness.app; sourceTree = BUILT_PRODUCTS_DIR; };
		CB9EF8D32ABC633A00FDCE12 /* CobyHappinessApp.swift */ = {isa = PBXFileReference; lastKnownFileType = sourcecode.swift; path = CobyHappinessApp.swift; sourceTree = "<group>"; };
		CB9EF8DA2ABC633B00FDCE12 /* Preview Assets.xcassets */ = {isa = PBXFileReference; lastKnownFileType = folder.assetcatalog; path = "Preview Assets.xcassets"; sourceTree = "<group>"; };
		CB9EF8E62ABC674F00FDCE12 /* View+Extensions.swift */ = {isa = PBXFileReference; lastKnownFileType = sourcecode.swift; path = "View+Extensions.swift"; sourceTree = "<group>"; };
		CB9EF9072ABC829F00FDCE12 /* Assets.xcassets */ = {isa = PBXFileReference; lastKnownFileType = folder.assetcatalog; path = Assets.xcassets; sourceTree = "<group>"; };
		CBA038682ABF352F00BD74CF /* Memory.swift */ = {isa = PBXFileReference; lastKnownFileType = sourcecode.swift; path = Memory.swift; sourceTree = "<group>"; };
		CBAB7F4E2ACD402500257778 /* ContentView.swift */ = {isa = PBXFileReference; lastKnownFileType = sourcecode.swift; path = ContentView.swift; sourceTree = "<group>"; };
		CBAB7F532ACD455E00257778 /* MemoryDetailView.swift */ = {isa = PBXFileReference; lastKnownFileType = sourcecode.swift; path = MemoryDetailView.swift; sourceTree = "<group>"; };
		CBABE92E2ACB313C00103BB0 /* HomeView.swift */ = {isa = PBXFileReference; lastKnownFileType = sourcecode.swift; path = HomeView.swift; sourceTree = "<group>"; };
		CBAD45592C1582A7009D4EFF /* MapView.swift */ = {isa = PBXFileReference; lastKnownFileType = sourcecode.swift; path = MapView.swift; sourceTree = "<group>"; };
		CBAD455C2C158315009D4EFF /* BunchView.swift */ = {isa = PBXFileReference; lastKnownFileType = sourcecode.swift; path = BunchView.swift; sourceTree = "<group>"; };
		CBAD455F2C15841D009D4EFF /* ProfileView.swift */ = {isa = PBXFileReference; lastKnownFileType = sourcecode.swift; path = ProfileView.swift; sourceTree = "<group>"; };
		CBAD45682C15EBB1009D4EFF /* Location.swift */ = {isa = PBXFileReference; lastKnownFileType = sourcecode.swift; path = Location.swift; sourceTree = "<group>"; };
		CBB21C972C16F273007E6AA2 /* MapRepresentableView.swift */ = {isa = PBXFileReference; lastKnownFileType = sourcecode.swift; path = MapRepresentableView.swift; sourceTree = "<group>"; };
		CBFE3C482C1DFC15000E3351 /* ItemDataSource.swift */ = {isa = PBXFileReference; lastKnownFileType = sourcecode.swift; path = ItemDataSource.swift; sourceTree = "<group>"; };
		CBFE3C4A2C1E0022000E3351 /* BunchDetailViewModel.swift */ = {isa = PBXFileReference; lastKnownFileType = sourcecode.swift; path = BunchDetailViewModel.swift; sourceTree = "<group>"; };
		CBFE3C4C2C1E00BD000E3351 /* EditMemoryViewModel.swift */ = {isa = PBXFileReference; lastKnownFileType = sourcecode.swift; path = EditMemoryViewModel.swift; sourceTree = "<group>"; };
/* End PBXFileReference section */

/* Begin PBXFrameworksBuildPhase section */
		CB9EF8CD2ABC633A00FDCE12 /* Frameworks */ = {
			isa = PBXFrameworksBuildPhase;
			buildActionMask = 2147483647;
			files = (
				CBAD45562C151D6E009D4EFF /* CobyDS in Frameworks */,
			);
			runOnlyForDeploymentPostprocessing = 0;
		};
/* End PBXFrameworksBuildPhase section */

/* Begin PBXGroup section */
		CB0D58E62C1EE82100EFE3D3 /* Component */ = {
			isa = PBXGroup;
			children = (
				CB4063BB2C18A66200654F89 /* SelectMemoriesView.swift */,
				CB0D58E72C1EE83000EFE3D3 /* EditBunchContentView.swift */,
			);
			path = Component;
			sourceTree = "<group>";
		};
		CB4063B52C18A1AD00654F89 /* Common */ = {
			isa = PBXGroup;
			children = (
				CB4063B62C18A1C200654F89 /* MemoryTileView.swift */,
			);
			path = Common;
			sourceTree = "<group>";
		};
		CB4063B82C18A61200654F89 /* EditBunch */ = {
			isa = PBXGroup;
			children = (
				CB0D58E62C1EE82100EFE3D3 /* Component */,
				CB0D58E92C1EE83B00EFE3D3 /* EditBunchPageView.swift */,
				CB0D58E42C1E183300EFE3D3 /* EditBunchViewModel.swift */,
			);
			path = EditBunch;
			sourceTree = "<group>";
		};
		CB4195FF2C18B800003D958C /* BunchDetail */ = {
			isa = PBXGroup;
			children = (
				CB4196002C18B83E003D958C /* BunchDetailView.swift */,
				CBFE3C4A2C1E0022000E3351 /* BunchDetailViewModel.swift */,
			);
			path = BunchDetail;
			sourceTree = "<group>";
		};
		CB96DE342ABF588900B01762 /* Resource */ = {
			isa = PBXGroup;
			children = (
				CB9EF9072ABC829F00FDCE12 /* Assets.xcassets */,
				CB4196082C19CF00003D958C /* UIImage+Assets.swift */,
				CB41960A2C19D19B003D958C /* Data+Extensions.swift */,
			);
			path = Resource;
			sourceTree = "<group>";
		};
		CB9EF8C72ABC633A00FDCE12 = {
			isa = PBXGroup;
			children = (
				CB9EF8D22ABC633A00FDCE12 /* CobyHappiness */,
				CB9EF8D12ABC633A00FDCE12 /* Products */,
			);
			sourceTree = "<group>";
		};
		CB9EF8D12ABC633A00FDCE12 /* Products */ = {
			isa = PBXGroup;
			children = (
				CB9EF8D02ABC633A00FDCE12 /* CobyHappiness.app */,
			);
			name = Products;
			sourceTree = "<group>";
		};
		CB9EF8D22ABC633A00FDCE12 /* CobyHappiness */ = {
			isa = PBXGroup;
			children = (
				CBFE3C472C1DFC0A000E3351 /* Data */,
				CB9EF8E12ABC670100FDCE12 /* Model */,
				CB9EF8E22ABC670E00FDCE12 /* Screens */,
				CB9EF8E42ABC672B00FDCE12 /* Supports */,
				CB96DE342ABF588900B01762 /* Resource */,
				CB9EF8D92ABC633B00FDCE12 /* Preview Content */,
			);
			path = CobyHappiness;
			sourceTree = "<group>";
		};
		CB9EF8D92ABC633B00FDCE12 /* Preview Content */ = {
			isa = PBXGroup;
			children = (
				CB9EF8DA2ABC633B00FDCE12 /* Preview Assets.xcassets */,
			);
			path = "Preview Content";
			sourceTree = "<group>";
		};
		CB9EF8E12ABC670100FDCE12 /* Model */ = {
			isa = PBXGroup;
			children = (
				CB4063B22C189B4B00654F89 /* Bunch.swift */,
				CBA038682ABF352F00BD74CF /* Memory.swift */,
				CBAD45682C15EBB1009D4EFF /* Location.swift */,
				CB2471002ADABBFC00EEA032 /* Place.swift */,
			);
			path = Model;
			sourceTree = "<group>";
		};
		CB9EF8E22ABC670E00FDCE12 /* Screens */ = {
			isa = PBXGroup;
			children = (
				CB4063B52C18A1AD00654F89 /* Common */,
				CBABE92D2ACB313400103BB0 /* Home */,
				CBAD45582C15829C009D4EFF /* Map */,
				CBAD455B2C158308009D4EFF /* Bunch */,
				CBAD455E2C158416009D4EFF /* Profile */,
				CBAB7F522ACD455200257778 /* MemoryDetail */,
				CB4195FF2C18B800003D958C /* BunchDetail */,
				CBABE9302ACB378500103BB0 /* EditMemory */,
				CB4063B82C18A61200654F89 /* EditBunch */,
			);
			path = Screens;
			sourceTree = "<group>";
		};
		CB9EF8E42ABC672B00FDCE12 /* Supports */ = {
			isa = PBXGroup;
			children = (
				CB9EF8E52ABC673100FDCE12 /* Extensions */,
				CB96DE382ABF597600B01762 /* Info.plist */,
				CB9EF8D32ABC633A00FDCE12 /* CobyHappinessApp.swift */,
				CBAB7F4E2ACD402500257778 /* ContentView.swift */,
			);
			path = Supports;
			sourceTree = "<group>";
		};
		CB9EF8E52ABC673100FDCE12 /* Extensions */ = {
			isa = PBXGroup;
			children = (
				CB9EF8E62ABC674F00FDCE12 /* View+Extensions.swift */,
			);
			path = Extensions;
			sourceTree = "<group>";
		};
		CBAB7F522ACD455200257778 /* MemoryDetail */ = {
			isa = PBXGroup;
			children = (
				CBAB7F532ACD455E00257778 /* MemoryDetailView.swift */,
				CB4196142C1DF821003D958C /* MemoryDetailViewModel.swift */,
			);
			path = MemoryDetail;
			sourceTree = "<group>";
		};
		CBABE92D2ACB313400103BB0 /* Home */ = {
			isa = PBXGroup;
			children = (
				CBABE92E2ACB313C00103BB0 /* HomeView.swift */,
				CB41960C2C1DF10E003D958C /* HomeViewModel.swift */,
			);
			path = Home;
			sourceTree = "<group>";
		};
		CBABE9302ACB378500103BB0 /* EditMemory */ = {
			isa = PBXGroup;
			children = (
				CBB21CA32C1AC4E3007E6AA2 /* Component */,
				CB4063AE2C1762EB00654F89 /* EditMemoryPageView.swift */,
				CBFE3C4C2C1E00BD000E3351 /* EditMemoryViewModel.swift */,
			);
			path = EditMemory;
			sourceTree = "<group>";
		};
		CBAD45582C15829C009D4EFF /* Map */ = {
			isa = PBXGroup;
			children = (
				CBBB793C2C174CD00003FD80 /* Component */,
				CBAD45592C1582A7009D4EFF /* MapView.swift */,
				CB41960E2C1DF2F7003D958C /* MapViewModel.swift */,
			);
			path = Map;
			sourceTree = "<group>";
		};
		CBAD455B2C158308009D4EFF /* Bunch */ = {
			isa = PBXGroup;
			children = (
				CBAD455C2C158315009D4EFF /* BunchView.swift */,
				CB4196102C1DF685003D958C /* BunchViewModel.swift */,
			);
			path = Bunch;
			sourceTree = "<group>";
		};
		CBAD455E2C158416009D4EFF /* Profile */ = {
			isa = PBXGroup;
			children = (
				CBAD455F2C15841D009D4EFF /* ProfileView.swift */,
				CB0D58EB2C21C5A400EFE3D3 /* ProfileViewModel.swift */,
			);
			path = Profile;
			sourceTree = "<group>";
		};
		CBB21CA32C1AC4E3007E6AA2 /* Component */ = {
			isa = PBXGroup;
			children = (
				CB4063AC2C1761A300654F89 /* ImagePickerView.swift */,
				CB4063B02C1763EA00654F89 /* EditMemoryContentView.swift */,
			);
			path = Component;
			sourceTree = "<group>";
		};
		CBBB793C2C174CD00003FD80 /* Component */ = {
			isa = PBXGroup;
			children = (
				CBB21C972C16F273007E6AA2 /* MapRepresentableView.swift */,
			);
			path = Component;
			sourceTree = "<group>";
		};
		CBFE3C472C1DFC0A000E3351 /* Data */ = {
			isa = PBXGroup;
			children = (
				CBFE3C482C1DFC15000E3351 /* ItemDataSource.swift */,
				CB0D58ED2C21CB7200EFE3D3 /* AppViewModel.swift */,
			);
			path = Data;
			sourceTree = "<group>";
		};
/* End PBXGroup section */

/* Begin PBXNativeTarget section */
		CB9EF8CF2ABC633A00FDCE12 /* CobyHappiness */ = {
			isa = PBXNativeTarget;
			buildConfigurationList = CB9EF8DE2ABC633B00FDCE12 /* Build configuration list for PBXNativeTarget "CobyHappiness" */;
			buildPhases = (
				CB9EF8CC2ABC633A00FDCE12 /* Sources */,
				CB9EF8CD2ABC633A00FDCE12 /* Frameworks */,
				CB9EF8CE2ABC633A00FDCE12 /* Resources */,
			);
			buildRules = (
			);
			dependencies = (
			);
			name = CobyHappiness;
			packageProductDependencies = (
				CBAD45552C151D6E009D4EFF /* CobyDS */,
			);
			productName = CobyHappiness;
			productReference = CB9EF8D02ABC633A00FDCE12 /* CobyHappiness.app */;
			productType = "com.apple.product-type.application";
		};
/* End PBXNativeTarget section */

/* Begin PBXProject section */
		CB9EF8C82ABC633A00FDCE12 /* Project object */ = {
			isa = PBXProject;
			attributes = {
				BuildIndependentTargetsInParallel = 1;
				LastSwiftUpdateCheck = 1500;
				LastUpgradeCheck = 1500;
				TargetAttributes = {
					CB9EF8CF2ABC633A00FDCE12 = {
						CreatedOnToolsVersion = 15.0;
					};
				};
			};
			buildConfigurationList = CB9EF8CB2ABC633A00FDCE12 /* Build configuration list for PBXProject "CobyHappiness" */;
			compatibilityVersion = "Xcode 14.0";
			developmentRegion = en;
			hasScannedForEncodings = 0;
			knownRegions = (
				en,
				Base,
			);
			mainGroup = CB9EF8C72ABC633A00FDCE12;
			packageReferences = (
				CBAD45542C151D6E009D4EFF /* XCRemoteSwiftPackageReference "CobyDS" */,
			);
			productRefGroup = CB9EF8D12ABC633A00FDCE12 /* Products */;
			projectDirPath = "";
			projectRoot = "";
			targets = (
				CB9EF8CF2ABC633A00FDCE12 /* CobyHappiness */,
			);
		};
/* End PBXProject section */

/* Begin PBXResourcesBuildPhase section */
		CB9EF8CE2ABC633A00FDCE12 /* Resources */ = {
			isa = PBXResourcesBuildPhase;
			buildActionMask = 2147483647;
			files = (
				CB9EF9082ABC829F00FDCE12 /* Assets.xcassets in Resources */,
				CB9EF8DB2ABC633B00FDCE12 /* Preview Assets.xcassets in Resources */,
			);
			runOnlyForDeploymentPostprocessing = 0;
		};
/* End PBXResourcesBuildPhase section */

/* Begin PBXSourcesBuildPhase section */
		CB9EF8CC2ABC633A00FDCE12 /* Sources */ = {
			isa = PBXSourcesBuildPhase;
			buildActionMask = 2147483647;
			files = (
				CBFE3C4D2C1E00BD000E3351 /* EditMemoryViewModel.swift in Sources */,
				CBB21C982C16F273007E6AA2 /* MapRepresentableView.swift in Sources */,
				CB4063AF2C1762EB00654F89 /* EditMemoryPageView.swift in Sources */,
				CB4063B32C189B4B00654F89 /* Bunch.swift in Sources */,
				CBA038692ABF352F00BD74CF /* Memory.swift in Sources */,
				CBAB7F542ACD455E00257778 /* MemoryDetailView.swift in Sources */,
				CB0D58EE2C21CB7200EFE3D3 /* AppViewModel.swift in Sources */,
				CB41960D2C1DF10E003D958C /* HomeViewModel.swift in Sources */,
				CB0D58E82C1EE83000EFE3D3 /* EditBunchContentView.swift in Sources */,
				CB4196092C19CF00003D958C /* UIImage+Assets.swift in Sources */,
				CBAD455D2C158315009D4EFF /* BunchView.swift in Sources */,
				CB4196112C1DF685003D958C /* BunchViewModel.swift in Sources */,
				CBAD45602C15841D009D4EFF /* ProfileView.swift in Sources */,
				CB4063AD2C1761A300654F89 /* ImagePickerView.swift in Sources */,
				CB0D58E52C1E183300EFE3D3 /* EditBunchViewModel.swift in Sources */,
				CB0D58EC2C21C5A400EFE3D3 /* ProfileViewModel.swift in Sources */,
				CBFE3C4B2C1E0022000E3351 /* BunchDetailViewModel.swift in Sources */,
				CBAD45692C15EBB1009D4EFF /* Location.swift in Sources */,
				CB4063BC2C18A66200654F89 /* SelectMemoriesView.swift in Sources */,
				CBAD455A2C1582A7009D4EFF /* MapView.swift in Sources */,
				CB9EF8E72ABC674F00FDCE12 /* View+Extensions.swift in Sources */,
				CB4196152C1DF821003D958C /* MemoryDetailViewModel.swift in Sources */,
				CB4196012C18B83E003D958C /* BunchDetailView.swift in Sources */,
				CBABE92F2ACB313C00103BB0 /* HomeView.swift in Sources */,
				CBAB7F4F2ACD402500257778 /* ContentView.swift in Sources */,
				CB4063B72C18A1C200654F89 /* MemoryTileView.swift in Sources */,
				CBFE3C492C1DFC15000E3351 /* ItemDataSource.swift in Sources */,
				CB9EF8D42ABC633A00FDCE12 /* CobyHappinessApp.swift in Sources */,
				CB41960B2C19D19B003D958C /* Data+Extensions.swift in Sources */,
				CB2471012ADABBFC00EEA032 /* Place.swift in Sources */,
				CB0D58EA2C1EE83B00EFE3D3 /* EditBunchPageView.swift in Sources */,
				CB4063B12C1763EA00654F89 /* EditMemoryContentView.swift in Sources */,
				CB41960F2C1DF2F7003D958C /* MapViewModel.swift in Sources */,
			);
			runOnlyForDeploymentPostprocessing = 0;
		};
/* End PBXSourcesBuildPhase section */

/* Begin XCBuildConfiguration section */
		CB9EF8DC2ABC633B00FDCE12 /* Debug */ = {
			isa = XCBuildConfiguration;
			buildSettings = {
				ALWAYS_SEARCH_USER_PATHS = NO;
				ASSETCATALOG_COMPILER_GENERATE_SWIFT_ASSET_SYMBOL_EXTENSIONS = YES;
				CLANG_ANALYZER_NONNULL = YES;
				CLANG_ANALYZER_NUMBER_OBJECT_CONVERSION = YES_AGGRESSIVE;
				CLANG_CXX_LANGUAGE_STANDARD = "gnu++20";
				CLANG_ENABLE_MODULES = YES;
				CLANG_ENABLE_OBJC_ARC = YES;
				CLANG_ENABLE_OBJC_WEAK = YES;
				CLANG_WARN_BLOCK_CAPTURE_AUTORELEASING = YES;
				CLANG_WARN_BOOL_CONVERSION = YES;
				CLANG_WARN_COMMA = YES;
				CLANG_WARN_CONSTANT_CONVERSION = YES;
				CLANG_WARN_DEPRECATED_OBJC_IMPLEMENTATIONS = YES;
				CLANG_WARN_DIRECT_OBJC_ISA_USAGE = YES_ERROR;
				CLANG_WARN_DOCUMENTATION_COMMENTS = YES;
				CLANG_WARN_EMPTY_BODY = YES;
				CLANG_WARN_ENUM_CONVERSION = YES;
				CLANG_WARN_INFINITE_RECURSION = YES;
				CLANG_WARN_INT_CONVERSION = YES;
				CLANG_WARN_NON_LITERAL_NULL_CONVERSION = YES;
				CLANG_WARN_OBJC_IMPLICIT_RETAIN_SELF = YES;
				CLANG_WARN_OBJC_LITERAL_CONVERSION = YES;
				CLANG_WARN_OBJC_ROOT_CLASS = YES_ERROR;
				CLANG_WARN_QUOTED_INCLUDE_IN_FRAMEWORK_HEADER = YES;
				CLANG_WARN_RANGE_LOOP_ANALYSIS = YES;
				CLANG_WARN_STRICT_PROTOTYPES = YES;
				CLANG_WARN_SUSPICIOUS_MOVE = YES;
				CLANG_WARN_UNGUARDED_AVAILABILITY = YES_AGGRESSIVE;
				CLANG_WARN_UNREACHABLE_CODE = YES;
				CLANG_WARN__DUPLICATE_METHOD_MATCH = YES;
				COPY_PHASE_STRIP = NO;
				DEBUG_INFORMATION_FORMAT = dwarf;
				ENABLE_STRICT_OBJC_MSGSEND = YES;
				ENABLE_TESTABILITY = YES;
				ENABLE_USER_SCRIPT_SANDBOXING = YES;
				GCC_C_LANGUAGE_STANDARD = gnu17;
				GCC_DYNAMIC_NO_PIC = NO;
				GCC_NO_COMMON_BLOCKS = YES;
				GCC_OPTIMIZATION_LEVEL = 0;
				GCC_PREPROCESSOR_DEFINITIONS = (
					"DEBUG=1",
					"$(inherited)",
				);
				GCC_WARN_64_TO_32_BIT_CONVERSION = YES;
				GCC_WARN_ABOUT_RETURN_TYPE = YES_ERROR;
				GCC_WARN_UNDECLARED_SELECTOR = YES;
				GCC_WARN_UNINITIALIZED_AUTOS = YES_AGGRESSIVE;
				GCC_WARN_UNUSED_FUNCTION = YES;
				GCC_WARN_UNUSED_VARIABLE = YES;
				INFOPLIST_KEY_CFBundleDisplayName = Happy;
				IPHONEOS_DEPLOYMENT_TARGET = 17.0;
				LOCALIZATION_PREFERS_STRING_CATALOGS = YES;
				MTL_ENABLE_DEBUG_INFO = INCLUDE_SOURCE;
				MTL_FAST_MATH = YES;
				ONLY_ACTIVE_ARCH = YES;
				SDKROOT = iphoneos;
				SWIFT_ACTIVE_COMPILATION_CONDITIONS = "DEBUG $(inherited)";
				SWIFT_OPTIMIZATION_LEVEL = "-Onone";
			};
			name = Debug;
		};
		CB9EF8DD2ABC633B00FDCE12 /* Release */ = {
			isa = XCBuildConfiguration;
			buildSettings = {
				ALWAYS_SEARCH_USER_PATHS = NO;
				ASSETCATALOG_COMPILER_GENERATE_SWIFT_ASSET_SYMBOL_EXTENSIONS = YES;
				CLANG_ANALYZER_NONNULL = YES;
				CLANG_ANALYZER_NUMBER_OBJECT_CONVERSION = YES_AGGRESSIVE;
				CLANG_CXX_LANGUAGE_STANDARD = "gnu++20";
				CLANG_ENABLE_MODULES = YES;
				CLANG_ENABLE_OBJC_ARC = YES;
				CLANG_ENABLE_OBJC_WEAK = YES;
				CLANG_WARN_BLOCK_CAPTURE_AUTORELEASING = YES;
				CLANG_WARN_BOOL_CONVERSION = YES;
				CLANG_WARN_COMMA = YES;
				CLANG_WARN_CONSTANT_CONVERSION = YES;
				CLANG_WARN_DEPRECATED_OBJC_IMPLEMENTATIONS = YES;
				CLANG_WARN_DIRECT_OBJC_ISA_USAGE = YES_ERROR;
				CLANG_WARN_DOCUMENTATION_COMMENTS = YES;
				CLANG_WARN_EMPTY_BODY = YES;
				CLANG_WARN_ENUM_CONVERSION = YES;
				CLANG_WARN_INFINITE_RECURSION = YES;
				CLANG_WARN_INT_CONVERSION = YES;
				CLANG_WARN_NON_LITERAL_NULL_CONVERSION = YES;
				CLANG_WARN_OBJC_IMPLICIT_RETAIN_SELF = YES;
				CLANG_WARN_OBJC_LITERAL_CONVERSION = YES;
				CLANG_WARN_OBJC_ROOT_CLASS = YES_ERROR;
				CLANG_WARN_QUOTED_INCLUDE_IN_FRAMEWORK_HEADER = YES;
				CLANG_WARN_RANGE_LOOP_ANALYSIS = YES;
				CLANG_WARN_STRICT_PROTOTYPES = YES;
				CLANG_WARN_SUSPICIOUS_MOVE = YES;
				CLANG_WARN_UNGUARDED_AVAILABILITY = YES_AGGRESSIVE;
				CLANG_WARN_UNREACHABLE_CODE = YES;
				CLANG_WARN__DUPLICATE_METHOD_MATCH = YES;
				COPY_PHASE_STRIP = NO;
				DEBUG_INFORMATION_FORMAT = "dwarf-with-dsym";
				ENABLE_NS_ASSERTIONS = NO;
				ENABLE_STRICT_OBJC_MSGSEND = YES;
				ENABLE_USER_SCRIPT_SANDBOXING = YES;
				GCC_C_LANGUAGE_STANDARD = gnu17;
				GCC_NO_COMMON_BLOCKS = YES;
				GCC_WARN_64_TO_32_BIT_CONVERSION = YES;
				GCC_WARN_ABOUT_RETURN_TYPE = YES_ERROR;
				GCC_WARN_UNDECLARED_SELECTOR = YES;
				GCC_WARN_UNINITIALIZED_AUTOS = YES_AGGRESSIVE;
				GCC_WARN_UNUSED_FUNCTION = YES;
				GCC_WARN_UNUSED_VARIABLE = YES;
				INFOPLIST_KEY_CFBundleDisplayName = Happy;
				IPHONEOS_DEPLOYMENT_TARGET = 17.0;
				LOCALIZATION_PREFERS_STRING_CATALOGS = YES;
				MTL_ENABLE_DEBUG_INFO = NO;
				MTL_FAST_MATH = YES;
				SDKROOT = iphoneos;
				SWIFT_COMPILATION_MODE = wholemodule;
				VALIDATE_PRODUCT = YES;
			};
			name = Release;
		};
		CB9EF8DF2ABC633B00FDCE12 /* Debug */ = {
			isa = XCBuildConfiguration;
			buildSettings = {
				ASSETCATALOG_COMPILER_APPICON_NAME = AppIcon;
				ASSETCATALOG_COMPILER_GLOBAL_ACCENT_COLOR_NAME = AccentColor;
				CODE_SIGN_STYLE = Automatic;
				CURRENT_PROJECT_VERSION = 1;
				DEVELOPMENT_ASSET_PATHS = "\"CobyHappiness/Preview Content\"";
				DEVELOPMENT_TEAM = 3Y8YH8GWMM;
				ENABLE_PREVIEWS = YES;
				GENERATE_INFOPLIST_FILE = YES;
				INFOPLIST_FILE = CobyHappiness/Supports/Info.plist;
				INFOPLIST_KEY_CFBundleDisplayName = Happy;
				INFOPLIST_KEY_LSApplicationCategoryType = "public.app-category.lifestyle";
				INFOPLIST_KEY_NSPhotoLibraryUsageDescription = "Need date and loacation";
				INFOPLIST_KEY_UIApplicationSceneManifest_Generation = YES;
				INFOPLIST_KEY_UIApplicationSupportsIndirectInputEvents = YES;
				INFOPLIST_KEY_UILaunchScreen_Generation = YES;
				INFOPLIST_KEY_UISupportedInterfaceOrientations = UIInterfaceOrientationPortrait;
				INFOPLIST_KEY_UISupportedInterfaceOrientations_iPad = "UIInterfaceOrientationLandscapeLeft UIInterfaceOrientationLandscapeRight UIInterfaceOrientationPortrait UIInterfaceOrientationPortraitUpsideDown";
				IPHONEOS_DEPLOYMENT_TARGET = 17.0;
				LD_RUNPATH_SEARCH_PATHS = (
					"$(inherited)",
					"@executable_path/Frameworks",
				);
				MARKETING_VERSION = 1.0;
				PRODUCT_BUNDLE_IDENTIFIER = com.coby.CobyHappiness;
				PRODUCT_NAME = "$(TARGET_NAME)";
				SWIFT_EMIT_LOC_STRINGS = YES;
				SWIFT_VERSION = 5.0;
				TARGETED_DEVICE_FAMILY = "1,2";
			};
			name = Debug;
		};
		CB9EF8E02ABC633B00FDCE12 /* Release */ = {
			isa = XCBuildConfiguration;
			buildSettings = {
				ASSETCATALOG_COMPILER_APPICON_NAME = AppIcon;
				ASSETCATALOG_COMPILER_GLOBAL_ACCENT_COLOR_NAME = AccentColor;
				CODE_SIGN_STYLE = Automatic;
				CURRENT_PROJECT_VERSION = 1;
				DEVELOPMENT_ASSET_PATHS = "\"CobyHappiness/Preview Content\"";
				DEVELOPMENT_TEAM = 3Y8YH8GWMM;
				ENABLE_PREVIEWS = YES;
				GENERATE_INFOPLIST_FILE = YES;
				INFOPLIST_FILE = CobyHappiness/Supports/Info.plist;
				INFOPLIST_KEY_CFBundleDisplayName = Happy;
				INFOPLIST_KEY_LSApplicationCategoryType = "public.app-category.lifestyle";
				INFOPLIST_KEY_NSPhotoLibraryUsageDescription = "Need date and loacation";
				INFOPLIST_KEY_UIApplicationSceneManifest_Generation = YES;
				INFOPLIST_KEY_UIApplicationSupportsIndirectInputEvents = YES;
				INFOPLIST_KEY_UILaunchScreen_Generation = YES;
				INFOPLIST_KEY_UISupportedInterfaceOrientations = UIInterfaceOrientationPortrait;
				INFOPLIST_KEY_UISupportedInterfaceOrientations_iPad = "UIInterfaceOrientationLandscapeLeft UIInterfaceOrientationLandscapeRight UIInterfaceOrientationPortrait UIInterfaceOrientationPortraitUpsideDown";
				IPHONEOS_DEPLOYMENT_TARGET = 17.0;
				LD_RUNPATH_SEARCH_PATHS = (
					"$(inherited)",
					"@executable_path/Frameworks",
				);
				MARKETING_VERSION = 1.0;
				PRODUCT_BUNDLE_IDENTIFIER = com.coby.CobyHappiness;
				PRODUCT_NAME = "$(TARGET_NAME)";
				SWIFT_EMIT_LOC_STRINGS = YES;
				SWIFT_VERSION = 5.0;
				TARGETED_DEVICE_FAMILY = "1,2";
			};
			name = Release;
		};
/* End XCBuildConfiguration section */

/* Begin XCConfigurationList section */
		CB9EF8CB2ABC633A00FDCE12 /* Build configuration list for PBXProject "CobyHappiness" */ = {
			isa = XCConfigurationList;
			buildConfigurations = (
				CB9EF8DC2ABC633B00FDCE12 /* Debug */,
				CB9EF8DD2ABC633B00FDCE12 /* Release */,
			);
			defaultConfigurationIsVisible = 0;
			defaultConfigurationName = Release;
		};
		CB9EF8DE2ABC633B00FDCE12 /* Build configuration list for PBXNativeTarget "CobyHappiness" */ = {
			isa = XCConfigurationList;
			buildConfigurations = (
				CB9EF8DF2ABC633B00FDCE12 /* Debug */,
				CB9EF8E02ABC633B00FDCE12 /* Release */,
			);
			defaultConfigurationIsVisible = 0;
			defaultConfigurationName = Release;
		};
/* End XCConfigurationList section */

/* Begin XCRemoteSwiftPackageReference section */
		CBAD45542C151D6E009D4EFF /* XCRemoteSwiftPackageReference "CobyDS" */ = {
			isa = XCRemoteSwiftPackageReference;
			repositoryURL = "https://github.com/CobyLibrary/CobyDS.git";
			requirement = {
				kind = exactVersion;
				version = 1.1.7;
			};
		};
/* End XCRemoteSwiftPackageReference section */

/* Begin XCSwiftPackageProductDependency section */
		CBAD45552C151D6E009D4EFF /* CobyDS */ = {
			isa = XCSwiftPackageProductDependency;
			package = CBAD45542C151D6E009D4EFF /* XCRemoteSwiftPackageReference "CobyDS" */;
			productName = CobyDS;
		};
/* End XCSwiftPackageProductDependency section */
	};
	rootObject = CB9EF8C82ABC633A00FDCE12 /* Project object */;
}
