{
  "originHash" : "020505c006d486dff059f67c018e386044fbe707c176869ff5911a2f67ec5bc7",
  "pins" : [
    {
      "identity" : "cobyds",
      "kind" : "remoteSourceControl",
      "location" : "https://github.com/CobyLibrary/CobyDS.git",
      "state" : {
        "revision" : "6ff02ecc66b6083cd9390c3f41013a89a4c00dfb",
        "version" : "1.0.3"
      }
    }
  ],
  "version" : 3
}
