{
  "originHash" : "020505c006d486dff059f67c018e386044fbe707c176869ff5911a2f67ec5bc7",
  "pins" : [
    {
      "identity" : "cobyds",
      "kind" : "remoteSourceControl",
      "location" : "https://github.com/CobyLibrary/CobyDS.git",
      "state" : {
        "revision" : "79d5b1f326a2e9e63aae34530566a42a68b97bba",
        "version" : "1.1.1"
      }
    }
  ],
  "version" : 3
}
