{
  "originHash" : "020505c006d486dff059f67c018e386044fbe707c176869ff5911a2f67ec5bc7",
  "pins" : [
    {
      "identity" : "cobyds",
      "kind" : "remoteSourceControl",
      "location" : "https://github.com/CobyLibrary/CobyDS.git",
      "state" : {
        "revision" : "46bb9a6cc5af6fdee2272536575df605b8c41958",
        "version" : "1.1.9"
      }
    }
  ],
  "version" : 3
}
